// !$*UTF8*$!
{
	archiveVersion = 1;
	classes = {
	};
	objectVersion = 56;
	objects = {

/* Begin PBXBuildFile section */
		991F8FDA2C13EB3900A134A5 /* HealthManager.swift in Sources */ = {isa = PBXBuildFile; fileRef = 991F8FD92C13EB3900A134A5 /* HealthManager.swift */; };
		991F8FE22C15278500A134A5 /* Extensions.swift in Sources */ = {isa = PBXBuildFile; fileRef = 991F8FE12C15278500A134A5 /* Extensions.swift */; };
		991F8FE42C1527A900A134A5 /* ProgramStatisticsView.swift in Sources */ = {isa = PBXBuildFile; fileRef = 991F8FE32C1527A900A134A5 /* ProgramStatisticsView.swift */; };
		991F8FE62C154F5200A134A5 /* DayCompletion.swift in Sources */ = {isa = PBXBuildFile; fileRef = 991F8FE52C154F5200A134A5 /* DayCompletion.swift */; };
		991F8FE82C1680A800A134A5 /* ProgramDBRepresentation.swift in Sources */ = {isa = PBXBuildFile; fileRef = 991F8FE72C1680A800A134A5 /* ProgramDBRepresentation.swift */; };
		991F8FEA2C17841300A134A5 /* BadgeManager.swift in Sources */ = {isa = PBXBuildFile; fileRef = 991F8FE92C17841300A134A5 /* BadgeManager.swift */; };
		991F8FEC2C17844400A134A5 /* Badge.swift in Sources */ = {isa = PBXBuildFile; fileRef = 991F8FEB2C17844400A134A5 /* Badge.swift */; };
		991F8FEE2C17852900A134A5 /* UserBadgeInfo.swift in Sources */ = {isa = PBXBuildFile; fileRef = 991F8FED2C17852900A134A5 /* UserBadgeInfo.swift */; };
		991F8FF22C18D0A100A134A5 /* LibraryView.swift in Sources */ = {isa = PBXBuildFile; fileRef = 991F8FF12C18D0A100A134A5 /* LibraryView.swift */; };
		991F8FF42C18DF9400A134A5 /* WeightProgressTracker.swift in Sources */ = {isa = PBXBuildFile; fileRef = 991F8FF32C18DF9400A134A5 /* WeightProgressTracker.swift */; };
		991FB4402C628084006B4ACE /* HealthStatsWidget.swift in Sources */ = {isa = PBXBuildFile; fileRef = 991FB43F2C628084006B4ACE /* HealthStatsWidget.swift */; };
		991FB4482C62C085006B4ACE /* RecommendedExerciseWidget.swift in Sources */ = {isa = PBXBuildFile; fileRef = 991FB4472C62C085006B4ACE /* RecommendedExerciseWidget.swift */; };
		991FB44A2C653C38006B4ACE /* IndividualExerciseView.swift in Sources */ = {isa = PBXBuildFile; fileRef = 991FB4492C653C38006B4ACE /* IndividualExerciseView.swift */; };
		991FB44C2C654A69006B4ACE /* VerticalLevelBanner.swift in Sources */ = {isa = PBXBuildFile; fileRef = 991FB44B2C654A69006B4ACE /* VerticalLevelBanner.swift */; };
		991FB4522C66657C006B4ACE /* LevelChangeInfo.swift in Sources */ = {isa = PBXBuildFile; fileRef = 991FB4512C66657C006B4ACE /* LevelChangeInfo.swift */; };
		991FB4572C6687EE006B4ACE /* DateUtility.swift in Sources */ = {isa = PBXBuildFile; fileRef = 991FB4562C6687EE006B4ACE /* DateUtility.swift */; };
		991FB45D2C668A8D006B4ACE /* LocalStorageUtility.swift in Sources */ = {isa = PBXBuildFile; fileRef = 991FB45C2C668A8D006B4ACE /* LocalStorageUtility.swift */; };
		991FB45F2C668DF8006B4ACE /* Errors.swift in Sources */ = {isa = PBXBuildFile; fileRef = 991FB45E2C668DF8006B4ACE /* Errors.swift */; };
		991FB46B2C66B5ED006B4ACE /* ProgramManager.swift in Sources */ = {isa = PBXBuildFile; fileRef = 991FB46A2C66B5ED006B4ACE /* ProgramManager.swift */; };
		991FB46F2C682055006B4ACE /* ChallengeManager.swift in Sources */ = {isa = PBXBuildFile; fileRef = 991FB46E2C682055006B4ACE /* ChallengeManager.swift */; };
		991FB4712C68223E006B4ACE /* LevelChangeManager.swift in Sources */ = {isa = PBXBuildFile; fileRef = 991FB4702C68223E006B4ACE /* LevelChangeManager.swift */; };
		991FB4752C69394D006B4ACE /* LevelChangeWidget.swift in Sources */ = {isa = PBXBuildFile; fileRef = 991FB4742C69394D006B4ACE /* LevelChangeWidget.swift */; };
		991FB4772C6A9756006B4ACE /* ExerciseManager.swift in Sources */ = {isa = PBXBuildFile; fileRef = 991FB4762C6A9756006B4ACE /* ExerciseManager.swift */; };
		991FB4792C6BCD46006B4ACE /* UserChallenge.swift in Sources */ = {isa = PBXBuildFile; fileRef = 991FB4782C6BCD46006B4ACE /* UserChallenge.swift */; };
		991FB47B2C6BCD81006B4ACE /* ChallengeTemplate.swift in Sources */ = {isa = PBXBuildFile; fileRef = 991FB47A2C6BCD80006B4ACE /* ChallengeTemplate.swift */; };
		991FB47D2C6C3BCF006B4ACE /* ChallengeTemplateWidget.swift in Sources */ = {isa = PBXBuildFile; fileRef = 991FB47C2C6C3BCE006B4ACE /* ChallengeTemplateWidget.swift */; };
		991FB47F2C6D561F006B4ACE /* ActiveUserChallengeWidget.swift in Sources */ = {isa = PBXBuildFile; fileRef = 991FB47E2C6D561F006B4ACE /* ActiveUserChallengeWidget.swift */; };
		991FB4812C6D8B10006B4ACE /* ChallengesUtility.swift in Sources */ = {isa = PBXBuildFile; fileRef = 991FB4802C6D8B10006B4ACE /* ChallengesUtility.swift */; };
		992F26A32C60079200F25400 /* ProgramSummaryView.swift in Sources */ = {isa = PBXBuildFile; fileRef = 992F26A22C60079200F25400 /* ProgramSummaryView.swift */; };
		992F26A52C6032A100F25400 /* FullLevelBreakdownView.swift in Sources */ = {isa = PBXBuildFile; fileRef = 992F26A42C6032A100F25400 /* FullLevelBreakdownView.swift */; };
		992F26A72C61225300F25400 /* LevelInfoView.swift in Sources */ = {isa = PBXBuildFile; fileRef = 992F26A62C61225300F25400 /* LevelInfoView.swift */; };
		992F26A92C61808000F25400 /* MuscleGroupStat.swift in Sources */ = {isa = PBXBuildFile; fileRef = 992F26A82C61808000F25400 /* MuscleGroupStat.swift */; };
		992F26AB2C626FC300F25400 /* ProfileView.swift in Sources */ = {isa = PBXBuildFile; fileRef = 992F26AA2C626FC300F25400 /* ProfileView.swift */; };
		993871A62C3A1CBF00FFAF8A /* LevelWidget.swift in Sources */ = {isa = PBXBuildFile; fileRef = 993871A52C3A1CBF00FFAF8A /* LevelWidget.swift */; };
		993871A82C3A242700FFAF8A /* LevelCircularProgressView.swift in Sources */ = {isa = PBXBuildFile; fileRef = 993871A72C3A242700FFAF8A /* LevelCircularProgressView.swift */; };
		993871AA2C3A25D600FFAF8A /* SubLevelCircularWidget.swift in Sources */ = {isa = PBXBuildFile; fileRef = 993871A92C3A25D600FFAF8A /* SubLevelCircularWidget.swift */; };
		993871AC2C3A385700FFAF8A /* DailyTargetView.swift in Sources */ = {isa = PBXBuildFile; fileRef = 993871AB2C3A385700FFAF8A /* DailyTargetView.swift */; };
		993DF23F2C38AFEF00BBC1BF /* SetStatWidget.swift in Sources */ = {isa = PBXBuildFile; fileRef = 993DF23E2C38AFEF00BBC1BF /* SetStatWidget.swift */; };
		993DF2412C397C5C00BBC1BF /* SetCounterWidget.swift in Sources */ = {isa = PBXBuildFile; fileRef = 993DF2402C397C5C00BBC1BF /* SetCounterWidget.swift */; };
		9942D3952C6EBD2A0022C219 /* NotificationManager.swift in Sources */ = {isa = PBXBuildFile; fileRef = 9942D3942C6EBD2A0022C219 /* NotificationManager.swift */; };
		9945E0BA2C39A15F00EA19D2 /* XPManager.swift in Sources */ = {isa = PBXBuildFile; fileRef = 9945E0B92C39A15E00EA19D2 /* XPManager.swift */; };
		9945E0BC2C39A19300EA19D2 /* XPData.swift in Sources */ = {isa = PBXBuildFile; fileRef = 9945E0BB2C39A19300EA19D2 /* XPData.swift */; };
		994E7DB12C02643D00BAD9E0 /* LoginView.swift in Sources */ = {isa = PBXBuildFile; fileRef = 994E7DB02C02643D00BAD9E0 /* LoginView.swift */; };
		994E7DB32C02665300BAD9E0 /* KeyboardResponder.swift in Sources */ = {isa = PBXBuildFile; fileRef = 994E7DB22C02665300BAD9E0 /* KeyboardResponder.swift */; };
		994E7DB52C0266A000BAD9E0 /* RegisterView.swift in Sources */ = {isa = PBXBuildFile; fileRef = 994E7DB42C0266A000BAD9E0 /* RegisterView.swift */; };
		994E7DB92C026BE500BAD9E0 /* AuthCheckView.swift in Sources */ = {isa = PBXBuildFile; fileRef = 994E7DB82C026BE400BAD9E0 /* AuthCheckView.swift */; };
		994E7DBB2C026BFE00BAD9E0 /* SplashScreenView.swift in Sources */ = {isa = PBXBuildFile; fileRef = 994E7DBA2C026BFE00BAD9E0 /* SplashScreenView.swift */; };
		994E7DBD2C028F5B00BAD9E0 /* ConfirmationCodeView.swift in Sources */ = {isa = PBXBuildFile; fileRef = 994E7DBC2C028F5B00BAD9E0 /* ConfirmationCodeView.swift */; };
		994E7DC12C02950000BAD9E0 /* WorkoutCard.swift in Sources */ = {isa = PBXBuildFile; fileRef = 994E7DC02C02950000BAD9E0 /* WorkoutCard.swift */; };
		994E7DC32C02955300BAD9E0 /* Workout.swift in Sources */ = {isa = PBXBuildFile; fileRef = 994E7DC22C02955300BAD9E0 /* Workout.swift */; };
		994E7DC72C03DE5400BAD9E0 /* PascalCaseCodingKey.swift in Sources */ = {isa = PBXBuildFile; fileRef = 994E7DC62C03DE5400BAD9E0 /* PascalCaseCodingKey.swift */; };
		994E7DC92C03DF5C00BAD9E0 /* ProgramView.swift in Sources */ = {isa = PBXBuildFile; fileRef = 994E7DC82C03DF5C00BAD9E0 /* ProgramView.swift */; };
		994E7DCB2C05289F00BAD9E0 /* Program.swift in Sources */ = {isa = PBXBuildFile; fileRef = 994E7DCA2C05289F00BAD9E0 /* Program.swift */; };
		9953BDEC2CF2832800348AC3 /* ScheduleBarView.swift in Sources */ = {isa = PBXBuildFile; fileRef = 9953BDEB2CF2832800348AC3 /* ScheduleBarView.swift */; };
		9953BDEE2CF2A25A00348AC3 /* FutureWorkoutOverlays.swift in Sources */ = {isa = PBXBuildFile; fileRef = 9953BDED2CF2A25A00348AC3 /* FutureWorkoutOverlays.swift */; };
		99569FC52C34CD06001DFCB8 /* JoinProgramWidget.swift in Sources */ = {isa = PBXBuildFile; fileRef = 99569FC42C34CD06001DFCB8 /* JoinProgramWidget.swift */; };
		995B94B92C596EEF007AECF0 /* TimeSpentWidget.swift in Sources */ = {isa = PBXBuildFile; fileRef = 995B94B82C596EEF007AECF0 /* TimeSpentWidget.swift */; };
		995B94BB2C596F0B007AECF0 /* TimeData.swift in Sources */ = {isa = PBXBuildFile; fileRef = 995B94BA2C596F0B007AECF0 /* TimeData.swift */; };
		995B94BD2C5986F3007AECF0 /* PastProgramsView.swift in Sources */ = {isa = PBXBuildFile; fileRef = 995B94BC2C5986F3007AECF0 /* PastProgramsView.swift */; };
		996919122C1CD12D00C0F664 /* ExerciseLibraryExercise.swift in Sources */ = {isa = PBXBuildFile; fileRef = 996919112C1CD12D00C0F664 /* ExerciseLibraryExercise.swift */; };
		997328EB2C57EDA6007708A9 /* ProgramPageTypes.swift in Sources */ = {isa = PBXBuildFile; fileRef = 997328EA2C57EDA6007708A9 /* ProgramPageTypes.swift */; };
		9978CDF02C7C22E800659813 /* ExerciseDataSetWidget.swift in Sources */ = {isa = PBXBuildFile; fileRef = 9978CDEF2C7C22E800659813 /* ExerciseDataSetWidget.swift */; };
		9978CDF22C7C22F500659813 /* LibraryExerciseDataView.swift in Sources */ = {isa = PBXBuildFile; fileRef = 9978CDF12C7C22F500659813 /* LibraryExerciseDataView.swift */; };
		9978CDF42C7C233D00659813 /* LibraryExerciseDataSectionType.swift in Sources */ = {isa = PBXBuildFile; fileRef = 9978CDF32C7C233D00659813 /* LibraryExerciseDataSectionType.swift */; };
		9978CDF62C7D797C00659813 /* HealthDataPoint.swift in Sources */ = {isa = PBXBuildFile; fileRef = 9978CDF52C7D797C00659813 /* HealthDataPoint.swift */; };
		9978CDF82C7D79C700659813 /* HealthTrendView.swift in Sources */ = {isa = PBXBuildFile; fileRef = 9978CDF72C7D79C700659813 /* HealthTrendView.swift */; };
		9978CDFA2C7D83C700659813 /* WeightTrendView.swift in Sources */ = {isa = PBXBuildFile; fileRef = 9978CDF92C7D83C700659813 /* WeightTrendView.swift */; };
		9978CDFC2C7D8A6200659813 /* TrendManager.swift in Sources */ = {isa = PBXBuildFile; fileRef = 9978CDFB2C7D8A6200659813 /* TrendManager.swift */; };
		9978CDFE2C7E5CE700659813 /* ToDoListTask.swift in Sources */ = {isa = PBXBuildFile; fileRef = 9978CDFD2C7E5CE700659813 /* ToDoListTask.swift */; };
		9978CE002C7E69D200659813 /* ToDoList.swift in Sources */ = {isa = PBXBuildFile; fileRef = 9978CDFF2C7E69D200659813 /* ToDoList.swift */; };
		9978CE022C7FC96C00659813 /* ExerciseData.swift in Sources */ = {isa = PBXBuildFile; fileRef = 9978CE012C7FC96C00659813 /* ExerciseData.swift */; };
		9978CE042C83A74300659813 /* AzeretMono-Regular.ttf in Resources */ = {isa = PBXBuildFile; fileRef = 9978CE032C83A6AA00659813 /* AzeretMono-Regular.ttf */; };
		9978CE062C83A75100659813 /* AzeretMono-Bold.ttf in Resources */ = {isa = PBXBuildFile; fileRef = 9978CE052C83A75100659813 /* AzeretMono-Bold.ttf */; };
		9978CE082C83A88000659813 /* Gugi-Regular.ttf in Resources */ = {isa = PBXBuildFile; fileRef = 9978CE072C83A87D00659813 /* Gugi-Regular.ttf */; };
		9978CE0B2C83A94500659813 /* YanoneKaffeesatz-Bold.ttf in Resources */ = {isa = PBXBuildFile; fileRef = 9978CE092C83A94500659813 /* YanoneKaffeesatz-Bold.ttf */; };
		9978CE0C2C83A94500659813 /* YanoneKaffeesatz-Regular.ttf in Resources */ = {isa = PBXBuildFile; fileRef = 9978CE0A2C83A94500659813 /* YanoneKaffeesatz-Regular.ttf */; };
		9978CE102C83DE9800659813 /* WeightStatView.swift in Sources */ = {isa = PBXBuildFile; fileRef = 9978CE0F2C83DE9800659813 /* WeightStatView.swift */; };
		998475182BFC18F200295C6E /* AuthenticationManager.swift in Sources */ = {isa = PBXBuildFile; fileRef = 998475172BFC18F200295C6E /* AuthenticationManager.swift */; };
		998ADA6A2C56FA28008C2795 /* ConfirmLeaveProgramWidget.swift in Sources */ = {isa = PBXBuildFile; fileRef = 998ADA692C56FA28008C2795 /* ConfirmLeaveProgramWidget.swift */; };
		998DA0152C1A18940078E882 /* ViewModifiers.swift in Sources */ = {isa = PBXBuildFile; fileRef = 998DA0142C1A18940078E882 /* ViewModifiers.swift */; };
		998DA0172C1A34840078E882 /* ChatView.swift in Sources */ = {isa = PBXBuildFile; fileRef = 998DA0162C1A34840078E882 /* ChatView.swift */; };
		999F70652C06C80300B35A78 /* WorkoutView.swift in Sources */ = {isa = PBXBuildFile; fileRef = 999F70642C06C80300B35A78 /* WorkoutView.swift */; };
		999F706C2C0E71E000B35A78 /* WorkoutExitWarningView.swift in Sources */ = {isa = PBXBuildFile; fileRef = 999F706B2C0E71E000B35A78 /* WorkoutExitWarningView.swift */; };
		999F706E2C0EB08600B35A78 /* MetricsView.swift in Sources */ = {isa = PBXBuildFile; fileRef = 999F706D2C0EB08600B35A78 /* MetricsView.swift */; };
		999F70722C0EB4D400B35A78 /* AchievementWidget.swift in Sources */ = {isa = PBXBuildFile; fileRef = 999F70712C0EB4D400B35A78 /* AchievementWidget.swift */; };
		999F70742C0F59EA00B35A78 /* StatisticsWidget.swift in Sources */ = {isa = PBXBuildFile; fileRef = 999F70732C0F59EA00B35A78 /* StatisticsWidget.swift */; };
		999F70762C0F6D9C00B35A78 /* Double.swift in Sources */ = {isa = PBXBuildFile; fileRef = 999F70752C0F6D9C00B35A78 /* Double.swift */; };
		999F70782C0FA57500B35A78 /* CommunityView.swift in Sources */ = {isa = PBXBuildFile; fileRef = 999F70772C0FA57500B35A78 /* CommunityView.swift */; };
		99A0C8BB2CA4D0B700F9281A /* ProgramCloudKitUtility.swift in Sources */ = {isa = PBXBuildFile; fileRef = 99A0C8BA2CA4D0B700F9281A /* ProgramCloudKitUtility.swift */; };
		99A0C8BD2CA64CDF00F9281A /* ProgramWithID.swift in Sources */ = {isa = PBXBuildFile; fileRef = 99A0C8BC2CA64CDF00F9281A /* ProgramWithID.swift */; };
		99A0C8BF2CA77A9900F9281A /* XPCloudKitUtility.swift in Sources */ = {isa = PBXBuildFile; fileRef = 99A0C8BE2CA77A9900F9281A /* XPCloudKitUtility.swift */; };
		99A0C8C12CA77F5000F9281A /* TrendCloudKitUtility.swift in Sources */ = {isa = PBXBuildFile; fileRef = 99A0C8C02CA77F5000F9281A /* TrendCloudKitUtility.swift */; };
		99A0C8C32CA7917100F9281A /* ChallengeCloudKitUtility.swift in Sources */ = {isa = PBXBuildFile; fileRef = 99A0C8C22CA7917100F9281A /* ChallengeCloudKitUtility.swift */; };
		99A0C8C52CA84BEE00F9281A /* IntroView.swift in Sources */ = {isa = PBXBuildFile; fileRef = 99A0C8C42CA84BEE00F9281A /* IntroView.swift */; };
		99A0C8C72CA84C2500F9281A /* FirstLaunchManager.swift in Sources */ = {isa = PBXBuildFile; fileRef = 99A0C8C62CA84C2500F9281A /* FirstLaunchManager.swift */; };
		99A0C8E32CA9B0D900F9281A /* ExerciseCloudKitUtility.swift in Sources */ = {isa = PBXBuildFile; fileRef = 99A0C8E22CA9B0D900F9281A /* ExerciseCloudKitUtility.swift */; };
		99A67EEA2BF451F0002DC3DC /* HomeView.swift in Sources */ = {isa = PBXBuildFile; fileRef = 99A67EE92BF451EF002DC3DC /* HomeView.swift */; };
		99A67EF92BF45251002DC3DC /* Sailec Bold.ttf in Resources */ = {isa = PBXBuildFile; fileRef = 99A67EEE2BF45250002DC3DC /* Sailec Bold.ttf */; };
		99A67EFA2BF45251002DC3DC /* times new roman bold italic.ttf in Resources */ = {isa = PBXBuildFile; fileRef = 99A67EEF2BF45250002DC3DC /* times new roman bold italic.ttf */; };
		99A67EFB2BF45251002DC3DC /* times new roman.ttf in Resources */ = {isa = PBXBuildFile; fileRef = 99A67EF02BF45250002DC3DC /* times new roman.ttf */; };
		99A67EFC2BF45251002DC3DC /* EtruscoNowCondensed Bold.ttf in Resources */ = {isa = PBXBuildFile; fileRef = 99A67EF12BF45250002DC3DC /* EtruscoNowCondensed Bold.ttf */; };
		99A67EFD2BF45251002DC3DC /* EtruscoNow Medium.ttf in Resources */ = {isa = PBXBuildFile; fileRef = 99A67EF22BF45250002DC3DC /* EtruscoNow Medium.ttf */; };
		99A67EFE2BF45251002DC3DC /* Sailec Light.ttf in Resources */ = {isa = PBXBuildFile; fileRef = 99A67EF32BF45250002DC3DC /* Sailec Light.ttf */; };
		99A67EFF2BF45251002DC3DC /* Sailec Thin.ttf in Resources */ = {isa = PBXBuildFile; fileRef = 99A67EF42BF45250002DC3DC /* Sailec Thin.ttf */; };
		99A67F002BF45251002DC3DC /* times new roman bold.ttf in Resources */ = {isa = PBXBuildFile; fileRef = 99A67EF52BF45250002DC3DC /* times new roman bold.ttf */; };
		99A67F012BF45251002DC3DC /* times new roman italic.ttf in Resources */ = {isa = PBXBuildFile; fileRef = 99A67EF62BF45250002DC3DC /* times new roman italic.ttf */; };
		99A67F022BF45251002DC3DC /* Sailec Medium.ttf in Resources */ = {isa = PBXBuildFile; fileRef = 99A67EF72BF45250002DC3DC /* Sailec Medium.ttf */; };
		99A67F032BF45251002DC3DC /* Sailec Regular Italic.ttf in Resources */ = {isa = PBXBuildFile; fileRef = 99A67EF82BF45251002DC3DC /* Sailec Regular Italic.ttf */; };
		99A67F062BF456A7002DC3DC /* PagesHolderView.swift in Sources */ = {isa = PBXBuildFile; fileRef = 99A67F052BF456A7002DC3DC /* PagesHolderView.swift */; };
		99A67F092BF55EFE002DC3DC /* PageType.swift in Sources */ = {isa = PBXBuildFile; fileRef = 99A67F082BF55EFE002DC3DC /* PageType.swift */; };
		99B44BFE2C990C3B00C0C434 /* CustomWorkoutManager.swift in Sources */ = {isa = PBXBuildFile; fileRef = 99B44BFD2C990C3B00C0C434 /* CustomWorkoutManager.swift */; };
		99B44C002C990DAB00C0C434 /* CustomWorkout.swift in Sources */ = {isa = PBXBuildFile; fileRef = 99B44BFF2C990DAB00C0C434 /* CustomWorkout.swift */; };
		99B44C022C990F7100C0C434 /* CreateCustomWorkoutView.swift in Sources */ = {isa = PBXBuildFile; fileRef = 99B44C012C990F7100C0C434 /* CreateCustomWorkoutView.swift */; };
		99B44C042C9A68C600C0C434 /* CustomWorkoutWidget.swift in Sources */ = {isa = PBXBuildFile; fileRef = 99B44C032C9A68C600C0C434 /* CustomWorkoutWidget.swift */; };
		99B44C062C9BA6CB00C0C434 /* CustomWorkoutExerciseDataSetWidget.swift in Sources */ = {isa = PBXBuildFile; fileRef = 99B44C052C9BA6CB00C0C434 /* CustomWorkoutExerciseDataSetWidget.swift */; };
		99B44C082C9D105200C0C434 /* InitializationManager.swift in Sources */ = {isa = PBXBuildFile; fileRef = 99B44C072C9D105200C0C434 /* InitializationManager.swift */; };
		99B44C0A2C9F711E00C0C434 /* ActiveChallengesView.swift in Sources */ = {isa = PBXBuildFile; fileRef = 99B44C092C9F711E00C0C434 /* ActiveChallengesView.swift */; };
		99B44C0E2CA072ED00C0C434 /* GymManager.swift in Sources */ = {isa = PBXBuildFile; fileRef = 99B44C0D2CA072ED00C0C434 /* GymManager.swift */; };
		99B44C102CA074F600C0C434 /* GymSession.swift in Sources */ = {isa = PBXBuildFile; fileRef = 99B44C0F2CA074F500C0C434 /* GymSession.swift */; };
		99B44C122CA07C1F00C0C434 /* GymSessionView.swift in Sources */ = {isa = PBXBuildFile; fileRef = 99B44C112CA07C1F00C0C434 /* GymSessionView.swift */; };
		99B627482C38561D00482E3B /* WorkoutManager.swift in Sources */ = {isa = PBXBuildFile; fileRef = 99B627472C38561D00482E3B /* WorkoutManager.swift */; };
		99B6274A2C38871600482E3B /* ExerciseDataRepWidgetModel.swift in Sources */ = {isa = PBXBuildFile; fileRef = 99B627492C38871600482E3B /* ExerciseDataRepWidgetModel.swift */; };
		99CFAAE62BEB075500EFF67E /* LevelUpFitnessApp.swift in Sources */ = {isa = PBXBuildFile; fileRef = 99CFAAE52BEB075500EFF67E /* LevelUpFitnessApp.swift */; };
		99CFAAE82BEB075500EFF67E /* ContentView.swift in Sources */ = {isa = PBXBuildFile; fileRef = 99CFAAE72BEB075500EFF67E /* ContentView.swift */; };
		99CFAAEA2BEB075700EFF67E /* Assets.xcassets in Resources */ = {isa = PBXBuildFile; fileRef = 99CFAAE92BEB075700EFF67E /* Assets.xcassets */; };
		99CFAAED2BEB075700EFF67E /* Preview Assets.xcassets in Resources */ = {isa = PBXBuildFile; fileRef = 99CFAAEC2BEB075700EFF67E /* Preview Assets.xcassets */; };
		99DD3D522C1D0839006C07B3 /* ExerciseLibraryExerciseWidget.swift in Sources */ = {isa = PBXBuildFile; fileRef = 99DD3D512C1D0839006C07B3 /* ExerciseLibraryExerciseWidget.swift */; };
		99DD3D542C1D0871006C07B3 /* FullPageVideoView.swift in Sources */ = {isa = PBXBuildFile; fileRef = 99DD3D532C1D0871006C07B3 /* FullPageVideoView.swift */; };
		99E0A5152C86908B00CC1224 /* ProgramStatsButtonWidget.swift in Sources */ = {isa = PBXBuildFile; fileRef = 99E0A5142C86908A00CC1224 /* ProgramStatsButtonWidget.swift */; };
		99E0A5172C8DE63E00CC1224 /* SearchView.swift in Sources */ = {isa = PBXBuildFile; fileRef = 99E0A5162C8DE63E00CC1224 /* SearchView.swift */; };
		99E0A5192C9141BC00CC1224 /* ErrorUtility.swift in Sources */ = {isa = PBXBuildFile; fileRef = 99E0A5182C9141BC00CC1224 /* ErrorUtility.swift */; };
		99E0A51B2C93E1CC00CC1224 /* ChallengeDetailsView.swift in Sources */ = {isa = PBXBuildFile; fileRef = 99E0A51A2C93E1CC00CC1224 /* ChallengeDetailsView.swift */; };
		99E0A51D2C97184900CC1224 /* CustomWorkoutView.swift in Sources */ = {isa = PBXBuildFile; fileRef = 99E0A51C2C97184700CC1224 /* CustomWorkoutView.swift */; };
		99ECAD262C76C6610012F8E7 /* ProgramCompletedCover.swift in Sources */ = {isa = PBXBuildFile; fileRef = 99ECAD252C76C6610012F8E7 /* ProgramCompletedCover.swift */; };
		99ECAD282C76E35C0012F8E7 /* GlobalCoverManager.swift in Sources */ = {isa = PBXBuildFile; fileRef = 99ECAD272C76E35C0012F8E7 /* GlobalCoverManager.swift */; };
		99ECAD2A2C76F0B30012F8E7 /* ChallengeCompletedView.swift in Sources */ = {isa = PBXBuildFile; fileRef = 99ECAD292C76F0B30012F8E7 /* ChallengeCompletedView.swift */; };
		99ECAD2C2C78208F0012F8E7 /* ProgramCompletedForTheDayCover.swift in Sources */ = {isa = PBXBuildFile; fileRef = 99ECAD2B2C78208F0012F8E7 /* ProgramCompletedForTheDayCover.swift */; };
		99ECAD2E2C783C2F0012F8E7 /* ToDoListManager.swift in Sources */ = {isa = PBXBuildFile; fileRef = 99ECAD2D2C783C2F0012F8E7 /* ToDoListManager.swift */; };
		99ECAD302C7841BA0012F8E7 /* StringUtility.swift in Sources */ = {isa = PBXBuildFile; fileRef = 99ECAD2F2C7841BA0012F8E7 /* StringUtility.swift */; };
		99ECAD322C7844080012F8E7 /* PastProgramWidget.swift in Sources */ = {isa = PBXBuildFile; fileRef = 99ECAD312C7844080012F8E7 /* PastProgramWidget.swift */; };
		99ECAD362C7850F40012F8E7 /* PastProgramInsightView.swift in Sources */ = {isa = PBXBuildFile; fileRef = 99ECAD352C7850F40012F8E7 /* PastProgramInsightView.swift */; };
		99EEC6132C3201780044F906 /* LevelUpBar.swift in Sources */ = {isa = PBXBuildFile; fileRef = 99EEC6122C3201780044F906 /* LevelUpBar.swift */; };
		99EEC6152C320FC30044F906 /* FitnessOptionType.swift in Sources */ = {isa = PBXBuildFile; fileRef = 99EEC6142C320FC30044F906 /* FitnessOptionType.swift */; };
		99EEC6182C32F37A0044F906 /* SizePreferanceKey.swift in Sources */ = {isa = PBXBuildFile; fileRef = 99EEC6172C32F37A0044F906 /* SizePreferanceKey.swift */; };
		99EEC61C2C33905B0044F906 /* ProgramListHomePreview.swift in Sources */ = {isa = PBXBuildFile; fileRef = 99EEC61B2C33905B0044F906 /* ProgramListHomePreview.swift */; };
		99F71F9F2C023A3D00E27B60 /* UsageTimeView.swift in Sources */ = {isa = PBXBuildFile; fileRef = 99F71F9E2C023A3D00E27B60 /* UsageTimeView.swift */; };
		99F7F6DD2CAB41FC009858AC /* StatPoint.swift in Sources */ = {isa = PBXBuildFile; fileRef = 99F7F6DC2CAB41FB009858AC /* StatPoint.swift */; };
		99F7F6DF2CAB6A4F009858AC /* GymSessionsStatView.swift in Sources */ = {isa = PBXBuildFile; fileRef = 99F7F6DE2CAB6A4F009858AC /* GymSessionsStatView.swift */; };
		99F7F6E12CAB6BB0009858AC /* GymSessionStatsView.swift in Sources */ = {isa = PBXBuildFile; fileRef = 99F7F6E02CAB6BB0009858AC /* GymSessionStatsView.swift */; };
		99F7F6E32CAC422F009858AC /* GymSessionsInfoView.swift in Sources */ = {isa = PBXBuildFile; fileRef = 99F7F6E22CAC422F009858AC /* GymSessionsInfoView.swift */; };
		99F7F6F92CAE3CEA009858AC /* WebView.swift in Sources */ = {isa = PBXBuildFile; fileRef = 99F7F6F82CAE3CE9009858AC /* WebView.swift */; };
		99FC9E442C5EADC800DAFFAC /* XPAdditionType.swift in Sources */ = {isa = PBXBuildFile; fileRef = 99FC9E432C5EADC800DAFFAC /* XPAdditionType.swift */; };
		99FC9E462C5EC1F900DAFFAC /* AnalyticsView.swift in Sources */ = {isa = PBXBuildFile; fileRef = 99FC9E452C5EC1F900DAFFAC /* AnalyticsView.swift */; };
		99FC9E482C5EC56B00DAFFAC /* RequestCustomProgramWidget.swift in Sources */ = {isa = PBXBuildFile; fileRef = 99FC9E472C5EC56B00DAFFAC /* RequestCustomProgramWidget.swift */; };
		AA1234562C84567890ABC001 /* StoreKitManager.swift in Sources */ = {isa = PBXBuildFile; fileRef = AA1234562C84567890ABC002 /* StoreKitManager.swift */; };
		BB7654322C84567890FED001 /* PaywallView.swift in Sources */ = {isa = PBXBuildFile; fileRef = BB7654322C84567890FED002 /* PaywallView.swift */; };
		F5361616D19E7549FA2D164C /* DesignSystem.swift in Sources */ = {isa = PBXBuildFile; fileRef = EB6D282618E90BB28B97B172 /* DesignSystem.swift */; };
		FF22A602FCDB5D9E694972F1 /* LibraryExercisePicker.swift in Sources */ = {isa = PBXBuildFile; fileRef = 2D2C9713A87E916F1100CFBC /* LibraryExercisePicker.swift */; };
/* End PBXBuildFile section */

/* Begin PBXFileReference section */
		2D2C9713A87E916F1100CFBC /* LibraryExercisePicker.swift */ = {isa = PBXFileReference; includeInIndex = 1; lastKnownFileType = sourcecode.swift; name = LibraryExercisePicker.swift; path = LevelUpFitness/Views/LibraryExercisePicker.swift; sourceTree = "<group>"; };
		991F8FD92C13EB3900A134A5 /* HealthManager.swift */ = {isa = PBXFileReference; lastKnownFileType = sourcecode.swift; path = HealthManager.swift; sourceTree = "<group>"; };
		991F8FE12C15278500A134A5 /* Extensions.swift */ = {isa = PBXFileReference; lastKnownFileType = sourcecode.swift; path = Extensions.swift; sourceTree = "<group>"; };
		991F8FE32C1527A900A134A5 /* ProgramStatisticsView.swift */ = {isa = PBXFileReference; lastKnownFileType = sourcecode.swift; path = ProgramStatisticsView.swift; sourceTree = "<group>"; };
		991F8FE52C154F5200A134A5 /* DayCompletion.swift */ = {isa = PBXFileReference; lastKnownFileType = sourcecode.swift; path = DayCompletion.swift; sourceTree = "<group>"; };
		991F8FE72C1680A800A134A5 /* ProgramDBRepresentation.swift */ = {isa = PBXFileReference; lastKnownFileType = sourcecode.swift; path = ProgramDBRepresentation.swift; sourceTree = "<group>"; };
		991F8FE92C17841300A134A5 /* BadgeManager.swift */ = {isa = PBXFileReference; lastKnownFileType = sourcecode.swift; path = BadgeManager.swift; sourceTree = "<group>"; };
		991F8FEB2C17844400A134A5 /* Badge.swift */ = {isa = PBXFileReference; lastKnownFileType = sourcecode.swift; path = Badge.swift; sourceTree = "<group>"; };
		991F8FED2C17852900A134A5 /* UserBadgeInfo.swift */ = {isa = PBXFileReference; lastKnownFileType = sourcecode.swift; path = UserBadgeInfo.swift; sourceTree = "<group>"; };
		991F8FF12C18D0A100A134A5 /* LibraryView.swift */ = {isa = PBXFileReference; lastKnownFileType = sourcecode.swift; path = LibraryView.swift; sourceTree = "<group>"; };
		991F8FF32C18DF9400A134A5 /* WeightProgressTracker.swift */ = {isa = PBXFileReference; lastKnownFileType = sourcecode.swift; path = WeightProgressTracker.swift; sourceTree = "<group>"; };
		991FB43F2C628084006B4ACE /* HealthStatsWidget.swift */ = {isa = PBXFileReference; lastKnownFileType = sourcecode.swift; path = HealthStatsWidget.swift; sourceTree = "<group>"; };
		991FB4472C62C085006B4ACE /* RecommendedExerciseWidget.swift */ = {isa = PBXFileReference; lastKnownFileType = sourcecode.swift; path = RecommendedExerciseWidget.swift; sourceTree = "<group>"; };
		991FB4492C653C38006B4ACE /* IndividualExerciseView.swift */ = {isa = PBXFileReference; lastKnownFileType = sourcecode.swift; path = IndividualExerciseView.swift; sourceTree = "<group>"; };
		991FB44B2C654A69006B4ACE /* VerticalLevelBanner.swift */ = {isa = PBXFileReference; lastKnownFileType = sourcecode.swift; path = VerticalLevelBanner.swift; sourceTree = "<group>"; };
		991FB4512C66657C006B4ACE /* LevelChangeInfo.swift */ = {isa = PBXFileReference; lastKnownFileType = sourcecode.swift; path = LevelChangeInfo.swift; sourceTree = "<group>"; };
		991FB4562C6687EE006B4ACE /* DateUtility.swift */ = {isa = PBXFileReference; lastKnownFileType = sourcecode.swift; path = DateUtility.swift; sourceTree = "<group>"; };
		991FB45C2C668A8D006B4ACE /* LocalStorageUtility.swift */ = {isa = PBXFileReference; lastKnownFileType = sourcecode.swift; path = LocalStorageUtility.swift; sourceTree = "<group>"; };
		991FB45E2C668DF8006B4ACE /* Errors.swift */ = {isa = PBXFileReference; lastKnownFileType = sourcecode.swift; path = Errors.swift; sourceTree = "<group>"; };
		991FB46A2C66B5ED006B4ACE /* ProgramManager.swift */ = {isa = PBXFileReference; lastKnownFileType = sourcecode.swift; path = ProgramManager.swift; sourceTree = "<group>"; };
		991FB46E2C682055006B4ACE /* ChallengeManager.swift */ = {isa = PBXFileReference; lastKnownFileType = sourcecode.swift; path = ChallengeManager.swift; sourceTree = "<group>"; };
		991FB4702C68223E006B4ACE /* LevelChangeManager.swift */ = {isa = PBXFileReference; lastKnownFileType = sourcecode.swift; path = LevelChangeManager.swift; sourceTree = "<group>"; };
		991FB4742C69394D006B4ACE /* LevelChangeWidget.swift */ = {isa = PBXFileReference; lastKnownFileType = sourcecode.swift; path = LevelChangeWidget.swift; sourceTree = "<group>"; };
		991FB4762C6A9756006B4ACE /* ExerciseManager.swift */ = {isa = PBXFileReference; lastKnownFileType = sourcecode.swift; path = ExerciseManager.swift; sourceTree = "<group>"; };
		991FB4782C6BCD46006B4ACE /* UserChallenge.swift */ = {isa = PBXFileReference; lastKnownFileType = sourcecode.swift; path = UserChallenge.swift; sourceTree = "<group>"; };
		991FB47A2C6BCD80006B4ACE /* ChallengeTemplate.swift */ = {isa = PBXFileReference; lastKnownFileType = sourcecode.swift; path = ChallengeTemplate.swift; sourceTree = "<group>"; };
		991FB47C2C6C3BCE006B4ACE /* ChallengeTemplateWidget.swift */ = {isa = PBXFileReference; lastKnownFileType = sourcecode.swift; path = ChallengeTemplateWidget.swift; sourceTree = "<group>"; };
		991FB47E2C6D561F006B4ACE /* ActiveUserChallengeWidget.swift */ = {isa = PBXFileReference; lastKnownFileType = sourcecode.swift; path = ActiveUserChallengeWidget.swift; sourceTree = "<group>"; };
		991FB4802C6D8B10006B4ACE /* ChallengesUtility.swift */ = {isa = PBXFileReference; lastKnownFileType = sourcecode.swift; path = ChallengesUtility.swift; sourceTree = "<group>"; };
		992F26A22C60079200F25400 /* ProgramSummaryView.swift */ = {isa = PBXFileReference; lastKnownFileType = sourcecode.swift; path = ProgramSummaryView.swift; sourceTree = "<group>"; };
		992F26A42C6032A100F25400 /* FullLevelBreakdownView.swift */ = {isa = PBXFileReference; lastKnownFileType = sourcecode.swift; path = FullLevelBreakdownView.swift; sourceTree = "<group>"; };
		992F26A62C61225300F25400 /* LevelInfoView.swift */ = {isa = PBXFileReference; lastKnownFileType = sourcecode.swift; path = LevelInfoView.swift; sourceTree = "<group>"; };
		992F26A82C61808000F25400 /* MuscleGroupStat.swift */ = {isa = PBXFileReference; lastKnownFileType = sourcecode.swift; path = MuscleGroupStat.swift; sourceTree = "<group>"; };
		992F26AA2C626FC300F25400 /* ProfileView.swift */ = {isa = PBXFileReference; lastKnownFileType = sourcecode.swift; path = ProfileView.swift; sourceTree = "<group>"; };
		992F26AC2C62747800F25400 /* LevelUpFitness.entitlements */ = {isa = PBXFileReference; lastKnownFileType = text.plist.entitlements; path = LevelUpFitness.entitlements; sourceTree = "<group>"; };
		993871A52C3A1CBF00FFAF8A /* LevelWidget.swift */ = {isa = PBXFileReference; lastKnownFileType = sourcecode.swift; path = LevelWidget.swift; sourceTree = "<group>"; };
		993871A72C3A242700FFAF8A /* LevelCircularProgressView.swift */ = {isa = PBXFileReference; lastKnownFileType = sourcecode.swift; path = LevelCircularProgressView.swift; sourceTree = "<group>"; };
		993871A92C3A25D600FFAF8A /* SubLevelCircularWidget.swift */ = {isa = PBXFileReference; lastKnownFileType = sourcecode.swift; path = SubLevelCircularWidget.swift; sourceTree = "<group>"; };
		993871AB2C3A385700FFAF8A /* DailyTargetView.swift */ = {isa = PBXFileReference; lastKnownFileType = sourcecode.swift; path = DailyTargetView.swift; sourceTree = "<group>"; };
		993DF23E2C38AFEF00BBC1BF /* SetStatWidget.swift */ = {isa = PBXFileReference; lastKnownFileType = sourcecode.swift; path = SetStatWidget.swift; sourceTree = "<group>"; };
		993DF2402C397C5C00BBC1BF /* SetCounterWidget.swift */ = {isa = PBXFileReference; lastKnownFileType = sourcecode.swift; path = SetCounterWidget.swift; sourceTree = "<group>"; };
		9942D3942C6EBD2A0022C219 /* NotificationManager.swift */ = {isa = PBXFileReference; lastKnownFileType = sourcecode.swift; path = NotificationManager.swift; sourceTree = "<group>"; };
		9945E0B92C39A15E00EA19D2 /* XPManager.swift */ = {isa = PBXFileReference; lastKnownFileType = sourcecode.swift; path = XPManager.swift; sourceTree = "<group>"; };
		9945E0BB2C39A19300EA19D2 /* XPData.swift */ = {isa = PBXFileReference; lastKnownFileType = sourcecode.swift; path = XPData.swift; sourceTree = "<group>"; };
		994E7DB02C02643D00BAD9E0 /* LoginView.swift */ = {isa = PBXFileReference; lastKnownFileType = sourcecode.swift; path = LoginView.swift; sourceTree = "<group>"; };
		994E7DB22C02665300BAD9E0 /* KeyboardResponder.swift */ = {isa = PBXFileReference; lastKnownFileType = sourcecode.swift; path = KeyboardResponder.swift; sourceTree = "<group>"; };
		994E7DB42C0266A000BAD9E0 /* RegisterView.swift */ = {isa = PBXFileReference; lastKnownFileType = sourcecode.swift; path = RegisterView.swift; sourceTree = "<group>"; };
		994E7DB82C026BE400BAD9E0 /* AuthCheckView.swift */ = {isa = PBXFileReference; lastKnownFileType = sourcecode.swift; path = AuthCheckView.swift; sourceTree = "<group>"; };
		994E7DBA2C026BFE00BAD9E0 /* SplashScreenView.swift */ = {isa = PBXFileReference; lastKnownFileType = sourcecode.swift; path = SplashScreenView.swift; sourceTree = "<group>"; };
		994E7DBC2C028F5B00BAD9E0 /* ConfirmationCodeView.swift */ = {isa = PBXFileReference; lastKnownFileType = sourcecode.swift; path = ConfirmationCodeView.swift; sourceTree = "<group>"; };
		994E7DC02C02950000BAD9E0 /* WorkoutCard.swift */ = {isa = PBXFileReference; lastKnownFileType = sourcecode.swift; path = WorkoutCard.swift; sourceTree = "<group>"; };
		994E7DC22C02955300BAD9E0 /* Workout.swift */ = {isa = PBXFileReference; lastKnownFileType = sourcecode.swift; path = Workout.swift; sourceTree = "<group>"; };
		994E7DC62C03DE5400BAD9E0 /* PascalCaseCodingKey.swift */ = {isa = PBXFileReference; lastKnownFileType = sourcecode.swift; path = PascalCaseCodingKey.swift; sourceTree = "<group>"; };
		994E7DC82C03DF5C00BAD9E0 /* ProgramView.swift */ = {isa = PBXFileReference; lastKnownFileType = sourcecode.swift; path = ProgramView.swift; sourceTree = "<group>"; };
		994E7DCA2C05289F00BAD9E0 /* Program.swift */ = {isa = PBXFileReference; lastKnownFileType = sourcecode.swift; path = Program.swift; sourceTree = "<group>"; };
		9953BDEB2CF2832800348AC3 /* ScheduleBarView.swift */ = {isa = PBXFileReference; lastKnownFileType = sourcecode.swift; path = ScheduleBarView.swift; sourceTree = "<group>"; };
		9953BDED2CF2A25A00348AC3 /* FutureWorkoutOverlays.swift */ = {isa = PBXFileReference; lastKnownFileType = sourcecode.swift; path = FutureWorkoutOverlays.swift; sourceTree = "<group>"; };
		99569FC42C34CD06001DFCB8 /* JoinProgramWidget.swift */ = {isa = PBXFileReference; lastKnownFileType = sourcecode.swift; path = JoinProgramWidget.swift; sourceTree = "<group>"; };
		995B94B82C596EEF007AECF0 /* TimeSpentWidget.swift */ = {isa = PBXFileReference; lastKnownFileType = sourcecode.swift; path = TimeSpentWidget.swift; sourceTree = "<group>"; };
		995B94BA2C596F0B007AECF0 /* TimeData.swift */ = {isa = PBXFileReference; lastKnownFileType = sourcecode.swift; path = TimeData.swift; sourceTree = "<group>"; };
		995B94BC2C5986F3007AECF0 /* PastProgramsView.swift */ = {isa = PBXFileReference; lastKnownFileType = sourcecode.swift; path = PastProgramsView.swift; sourceTree = "<group>"; };
		996919112C1CD12D00C0F664 /* ExerciseLibraryExercise.swift */ = {isa = PBXFileReference; lastKnownFileType = sourcecode.swift; path = ExerciseLibraryExercise.swift; sourceTree = "<group>"; };
		997328EA2C57EDA6007708A9 /* ProgramPageTypes.swift */ = {isa = PBXFileReference; lastKnownFileType = sourcecode.swift; path = ProgramPageTypes.swift; sourceTree = "<group>"; };
		9978CDEF2C7C22E800659813 /* ExerciseDataSetWidget.swift */ = {isa = PBXFileReference; lastKnownFileType = sourcecode.swift; path = ExerciseDataSetWidget.swift; sourceTree = "<group>"; };
		9978CDF12C7C22F500659813 /* LibraryExerciseDataView.swift */ = {isa = PBXFileReference; lastKnownFileType = sourcecode.swift; path = LibraryExerciseDataView.swift; sourceTree = "<group>"; };
		9978CDF32C7C233D00659813 /* LibraryExerciseDataSectionType.swift */ = {isa = PBXFileReference; lastKnownFileType = sourcecode.swift; path = LibraryExerciseDataSectionType.swift; sourceTree = "<group>"; };
		9978CDF52C7D797C00659813 /* HealthDataPoint.swift */ = {isa = PBXFileReference; lastKnownFileType = sourcecode.swift; path = HealthDataPoint.swift; sourceTree = "<group>"; };
		9978CDF72C7D79C700659813 /* HealthTrendView.swift */ = {isa = PBXFileReference; lastKnownFileType = sourcecode.swift; path = HealthTrendView.swift; sourceTree = "<group>"; };
		9978CDF92C7D83C700659813 /* WeightTrendView.swift */ = {isa = PBXFileReference; lastKnownFileType = sourcecode.swift; path = WeightTrendView.swift; sourceTree = "<group>"; };
		9978CDFB2C7D8A6200659813 /* TrendManager.swift */ = {isa = PBXFileReference; lastKnownFileType = sourcecode.swift; path = TrendManager.swift; sourceTree = "<group>"; };
		9978CDFD2C7E5CE700659813 /* ToDoListTask.swift */ = {isa = PBXFileReference; lastKnownFileType = sourcecode.swift; path = ToDoListTask.swift; sourceTree = "<group>"; };
		9978CDFF2C7E69D200659813 /* ToDoList.swift */ = {isa = PBXFileReference; lastKnownFileType = sourcecode.swift; path = ToDoList.swift; sourceTree = "<group>"; };
		9978CE012C7FC96C00659813 /* ExerciseData.swift */ = {isa = PBXFileReference; lastKnownFileType = sourcecode.swift; path = ExerciseData.swift; sourceTree = "<group>"; };
		9978CE032C83A6AA00659813 /* AzeretMono-Regular.ttf */ = {isa = PBXFileReference; lastKnownFileType = file; path = "AzeretMono-Regular.ttf"; sourceTree = "<group>"; };
		9978CE052C83A75100659813 /* AzeretMono-Bold.ttf */ = {isa = PBXFileReference; lastKnownFileType = file; path = "AzeretMono-Bold.ttf"; sourceTree = "<group>"; };
		9978CE072C83A87D00659813 /* Gugi-Regular.ttf */ = {isa = PBXFileReference; lastKnownFileType = file; path = "Gugi-Regular.ttf"; sourceTree = "<group>"; };
		9978CE092C83A94500659813 /* YanoneKaffeesatz-Bold.ttf */ = {isa = PBXFileReference; lastKnownFileType = file; path = "YanoneKaffeesatz-Bold.ttf"; sourceTree = "<group>"; };
		9978CE0A2C83A94500659813 /* YanoneKaffeesatz-Regular.ttf */ = {isa = PBXFileReference; lastKnownFileType = file; path = "YanoneKaffeesatz-Regular.ttf"; sourceTree = "<group>"; };
		9978CE0F2C83DE9800659813 /* WeightStatView.swift */ = {isa = PBXFileReference; lastKnownFileType = sourcecode.swift; path = WeightStatView.swift; sourceTree = "<group>"; };
		998475172BFC18F200295C6E /* AuthenticationManager.swift */ = {isa = PBXFileReference; lastKnownFileType = sourcecode.swift; path = AuthenticationManager.swift; sourceTree = "<group>"; };
		998ADA692C56FA28008C2795 /* ConfirmLeaveProgramWidget.swift */ = {isa = PBXFileReference; lastKnownFileType = sourcecode.swift; path = ConfirmLeaveProgramWidget.swift; sourceTree = "<group>"; };
		998DA0142C1A18940078E882 /* ViewModifiers.swift */ = {isa = PBXFileReference; lastKnownFileType = sourcecode.swift; path = ViewModifiers.swift; sourceTree = "<group>"; };
		998DA0162C1A34840078E882 /* ChatView.swift */ = {isa = PBXFileReference; lastKnownFileType = sourcecode.swift; path = ChatView.swift; sourceTree = "<group>"; };
		999F70642C06C80300B35A78 /* WorkoutView.swift */ = {isa = PBXFileReference; lastKnownFileType = sourcecode.swift; path = WorkoutView.swift; sourceTree = "<group>"; };
		999F706B2C0E71E000B35A78 /* WorkoutExitWarningView.swift */ = {isa = PBXFileReference; lastKnownFileType = sourcecode.swift; path = WorkoutExitWarningView.swift; sourceTree = "<group>"; };
		999F706D2C0EB08600B35A78 /* MetricsView.swift */ = {isa = PBXFileReference; lastKnownFileType = sourcecode.swift; path = MetricsView.swift; sourceTree = "<group>"; };
		999F70712C0EB4D400B35A78 /* AchievementWidget.swift */ = {isa = PBXFileReference; lastKnownFileType = sourcecode.swift; path = AchievementWidget.swift; sourceTree = "<group>"; };
		999F70732C0F59EA00B35A78 /* StatisticsWidget.swift */ = {isa = PBXFileReference; lastKnownFileType = sourcecode.swift; path = StatisticsWidget.swift; sourceTree = "<group>"; };
		999F70752C0F6D9C00B35A78 /* Double.swift */ = {isa = PBXFileReference; lastKnownFileType = sourcecode.swift; path = Double.swift; sourceTree = "<group>"; };
		999F70772C0FA57500B35A78 /* CommunityView.swift */ = {isa = PBXFileReference; lastKnownFileType = sourcecode.swift; path = CommunityView.swift; sourceTree = "<group>"; };
		99A0C8B92CA4CEB800F9281A /* LevelUpFitnessDebug.entitlements */ = {isa = PBXFileReference; lastKnownFileType = text.plist.entitlements; path = LevelUpFitnessDebug.entitlements; sourceTree = "<group>"; };
		99A0C8BA2CA4D0B700F9281A /* ProgramCloudKitUtility.swift */ = {isa = PBXFileReference; lastKnownFileType = sourcecode.swift; path = ProgramCloudKitUtility.swift; sourceTree = "<group>"; };
		99A0C8BC2CA64CDF00F9281A /* ProgramWithID.swift */ = {isa = PBXFileReference; lastKnownFileType = sourcecode.swift; path = ProgramWithID.swift; sourceTree = "<group>"; };
		99A0C8BE2CA77A9900F9281A /* XPCloudKitUtility.swift */ = {isa = PBXFileReference; lastKnownFileType = sourcecode.swift; path = XPCloudKitUtility.swift; sourceTree = "<group>"; };
		99A0C8C02CA77F5000F9281A /* TrendCloudKitUtility.swift */ = {isa = PBXFileReference; lastKnownFileType = sourcecode.swift; path = TrendCloudKitUtility.swift; sourceTree = "<group>"; };
		99A0C8C22CA7917100F9281A /* ChallengeCloudKitUtility.swift */ = {isa = PBXFileReference; lastKnownFileType = sourcecode.swift; path = ChallengeCloudKitUtility.swift; sourceTree = "<group>"; };
		99A0C8C42CA84BEE00F9281A /* IntroView.swift */ = {isa = PBXFileReference; lastKnownFileType = sourcecode.swift; path = IntroView.swift; sourceTree = "<group>"; };
		99A0C8C62CA84C2500F9281A /* FirstLaunchManager.swift */ = {isa = PBXFileReference; lastKnownFileType = sourcecode.swift; path = FirstLaunchManager.swift; sourceTree = "<group>"; };
		99A0C8E22CA9B0D900F9281A /* ExerciseCloudKitUtility.swift */ = {isa = PBXFileReference; lastKnownFileType = sourcecode.swift; path = ExerciseCloudKitUtility.swift; sourceTree = "<group>"; };
		99A67EE92BF451EF002DC3DC /* HomeView.swift */ = {isa = PBXFileReference; lastKnownFileType = sourcecode.swift; path = HomeView.swift; sourceTree = "<group>"; };
		99A67EEE2BF45250002DC3DC /* Sailec Bold.ttf */ = {isa = PBXFileReference; lastKnownFileType = file; path = "Sailec Bold.ttf"; sourceTree = "<group>"; };
		99A67EEF2BF45250002DC3DC /* times new roman bold italic.ttf */ = {isa = PBXFileReference; lastKnownFileType = file; path = "times new roman bold italic.ttf"; sourceTree = "<group>"; };
		99A67EF02BF45250002DC3DC /* times new roman.ttf */ = {isa = PBXFileReference; lastKnownFileType = file; path = "times new roman.ttf"; sourceTree = "<group>"; };
		99A67EF12BF45250002DC3DC /* EtruscoNowCondensed Bold.ttf */ = {isa = PBXFileReference; lastKnownFileType = file; path = "EtruscoNowCondensed Bold.ttf"; sourceTree = "<group>"; };
		99A67EF22BF45250002DC3DC /* EtruscoNow Medium.ttf */ = {isa = PBXFileReference; lastKnownFileType = file; path = "EtruscoNow Medium.ttf"; sourceTree = "<group>"; };
		99A67EF32BF45250002DC3DC /* Sailec Light.ttf */ = {isa = PBXFileReference; lastKnownFileType = file; path = "Sailec Light.ttf"; sourceTree = "<group>"; };
		99A67EF42BF45250002DC3DC /* Sailec Thin.ttf */ = {isa = PBXFileReference; lastKnownFileType = file; path = "Sailec Thin.ttf"; sourceTree = "<group>"; };
		99A67EF52BF45250002DC3DC /* times new roman bold.ttf */ = {isa = PBXFileReference; lastKnownFileType = file; path = "times new roman bold.ttf"; sourceTree = "<group>"; };
		99A67EF62BF45250002DC3DC /* times new roman italic.ttf */ = {isa = PBXFileReference; lastKnownFileType = file; path = "times new roman italic.ttf"; sourceTree = "<group>"; };
		99A67EF72BF45250002DC3DC /* Sailec Medium.ttf */ = {isa = PBXFileReference; lastKnownFileType = file; path = "Sailec Medium.ttf"; sourceTree = "<group>"; };
		99A67EF82BF45251002DC3DC /* Sailec Regular Italic.ttf */ = {isa = PBXFileReference; lastKnownFileType = file; path = "Sailec Regular Italic.ttf"; sourceTree = "<group>"; };
		99A67F042BF4525B002DC3DC /* Info.plist */ = {isa = PBXFileReference; lastKnownFileType = text.plist; path = Info.plist; sourceTree = "<group>"; };
		99A67F052BF456A7002DC3DC /* PagesHolderView.swift */ = {isa = PBXFileReference; lastKnownFileType = sourcecode.swift; path = PagesHolderView.swift; sourceTree = "<group>"; };
		99A67F082BF55EFE002DC3DC /* PageType.swift */ = {isa = PBXFileReference; lastKnownFileType = sourcecode.swift; path = PageType.swift; sourceTree = "<group>"; };
		99B44BFD2C990C3B00C0C434 /* CustomWorkoutManager.swift */ = {isa = PBXFileReference; lastKnownFileType = sourcecode.swift; path = CustomWorkoutManager.swift; sourceTree = "<group>"; };
		99B44BFF2C990DAB00C0C434 /* CustomWorkout.swift */ = {isa = PBXFileReference; lastKnownFileType = sourcecode.swift; path = CustomWorkout.swift; sourceTree = "<group>"; };
		99B44C012C990F7100C0C434 /* CreateCustomWorkoutView.swift */ = {isa = PBXFileReference; lastKnownFileType = sourcecode.swift; path = CreateCustomWorkoutView.swift; sourceTree = "<group>"; };
		99B44C032C9A68C600C0C434 /* CustomWorkoutWidget.swift */ = {isa = PBXFileReference; lastKnownFileType = sourcecode.swift; path = CustomWorkoutWidget.swift; sourceTree = "<group>"; };
		99B44C052C9BA6CB00C0C434 /* CustomWorkoutExerciseDataSetWidget.swift */ = {isa = PBXFileReference; lastKnownFileType = sourcecode.swift; path = CustomWorkoutExerciseDataSetWidget.swift; sourceTree = "<group>"; };
		99B44C072C9D105200C0C434 /* InitializationManager.swift */ = {isa = PBXFileReference; lastKnownFileType = sourcecode.swift; path = InitializationManager.swift; sourceTree = "<group>"; };
		99B44C092C9F711E00C0C434 /* ActiveChallengesView.swift */ = {isa = PBXFileReference; lastKnownFileType = sourcecode.swift; path = ActiveChallengesView.swift; sourceTree = "<group>"; };
		99B44C0D2CA072ED00C0C434 /* GymManager.swift */ = {isa = PBXFileReference; lastKnownFileType = sourcecode.swift; path = GymManager.swift; sourceTree = "<group>"; };
		99B44C0F2CA074F500C0C434 /* GymSession.swift */ = {isa = PBXFileReference; lastKnownFileType = sourcecode.swift; path = GymSession.swift; sourceTree = "<group>"; };
		99B44C112CA07C1F00C0C434 /* GymSessionView.swift */ = {isa = PBXFileReference; lastKnownFileType = sourcecode.swift; path = GymSessionView.swift; sourceTree = "<group>"; };
		99B627472C38561D00482E3B /* WorkoutManager.swift */ = {isa = PBXFileReference; lastKnownFileType = sourcecode.swift; path = WorkoutManager.swift; sourceTree = "<group>"; };
		99B627492C38871600482E3B /* ExerciseDataRepWidgetModel.swift */ = {isa = PBXFileReference; lastKnownFileType = sourcecode.swift; path = ExerciseDataRepWidgetModel.swift; sourceTree = "<group>"; };
		99CFAAE22BEB075500EFF67E /* LevelUpFitness.app */ = {isa = PBXFileReference; explicitFileType = wrapper.application; includeInIndex = 0; path = LevelUpFitness.app; sourceTree = BUILT_PRODUCTS_DIR; };
		99CFAAE52BEB075500EFF67E /* LevelUpFitnessApp.swift */ = {isa = PBXFileReference; lastKnownFileType = sourcecode.swift; path = LevelUpFitnessApp.swift; sourceTree = "<group>"; };
		99CFAAE72BEB075500EFF67E /* ContentView.swift */ = {isa = PBXFileReference; lastKnownFileType = sourcecode.swift; path = ContentView.swift; sourceTree = "<group>"; };
		99CFAAE92BEB075700EFF67E /* Assets.xcassets */ = {isa = PBXFileReference; lastKnownFileType = folder.assetcatalog; path = Assets.xcassets; sourceTree = "<group>"; };
		99CFAAEC2BEB075700EFF67E /* Preview Assets.xcassets */ = {isa = PBXFileReference; lastKnownFileType = folder.assetcatalog; path = "Preview Assets.xcassets"; sourceTree = "<group>"; };
		99DD3D512C1D0839006C07B3 /* ExerciseLibraryExerciseWidget.swift */ = {isa = PBXFileReference; lastKnownFileType = sourcecode.swift; path = ExerciseLibraryExerciseWidget.swift; sourceTree = "<group>"; };
		99DD3D532C1D0871006C07B3 /* FullPageVideoView.swift */ = {isa = PBXFileReference; lastKnownFileType = sourcecode.swift; path = FullPageVideoView.swift; sourceTree = "<group>"; };
		99E0A5142C86908A00CC1224 /* ProgramStatsButtonWidget.swift */ = {isa = PBXFileReference; lastKnownFileType = sourcecode.swift; path = ProgramStatsButtonWidget.swift; sourceTree = "<group>"; };
		99E0A5162C8DE63E00CC1224 /* SearchView.swift */ = {isa = PBXFileReference; lastKnownFileType = sourcecode.swift; path = SearchView.swift; sourceTree = "<group>"; };
		99E0A5182C9141BC00CC1224 /* ErrorUtility.swift */ = {isa = PBXFileReference; lastKnownFileType = sourcecode.swift; path = ErrorUtility.swift; sourceTree = "<group>"; };
		99E0A51A2C93E1CC00CC1224 /* ChallengeDetailsView.swift */ = {isa = PBXFileReference; lastKnownFileType = sourcecode.swift; path = ChallengeDetailsView.swift; sourceTree = "<group>"; };
		99E0A51C2C97184700CC1224 /* CustomWorkoutView.swift */ = {isa = PBXFileReference; lastKnownFileType = sourcecode.swift; path = CustomWorkoutView.swift; sourceTree = "<group>"; };
		99ECAD252C76C6610012F8E7 /* ProgramCompletedCover.swift */ = {isa = PBXFileReference; lastKnownFileType = sourcecode.swift; path = ProgramCompletedCover.swift; sourceTree = "<group>"; };
		99ECAD272C76E35C0012F8E7 /* GlobalCoverManager.swift */ = {isa = PBXFileReference; lastKnownFileType = sourcecode.swift; path = GlobalCoverManager.swift; sourceTree = "<group>"; };
		99ECAD292C76F0B30012F8E7 /* ChallengeCompletedView.swift */ = {isa = PBXFileReference; lastKnownFileType = sourcecode.swift; path = ChallengeCompletedView.swift; sourceTree = "<group>"; };
		99ECAD2B2C78208F0012F8E7 /* ProgramCompletedForTheDayCover.swift */ = {isa = PBXFileReference; lastKnownFileType = sourcecode.swift; path = ProgramCompletedForTheDayCover.swift; sourceTree = "<group>"; };
		99ECAD2D2C783C2F0012F8E7 /* ToDoListManager.swift */ = {isa = PBXFileReference; lastKnownFileType = sourcecode.swift; path = ToDoListManager.swift; sourceTree = "<group>"; };
		99ECAD2F2C7841BA0012F8E7 /* StringUtility.swift */ = {isa = PBXFileReference; lastKnownFileType = sourcecode.swift; path = StringUtility.swift; sourceTree = "<group>"; };
		99ECAD312C7844080012F8E7 /* PastProgramWidget.swift */ = {isa = PBXFileReference; lastKnownFileType = sourcecode.swift; path = PastProgramWidget.swift; sourceTree = "<group>"; };
		99ECAD352C7850F40012F8E7 /* PastProgramInsightView.swift */ = {isa = PBXFileReference; lastKnownFileType = sourcecode.swift; path = PastProgramInsightView.swift; sourceTree = "<group>"; };
		99EEC6122C3201780044F906 /* LevelUpBar.swift */ = {isa = PBXFileReference; lastKnownFileType = sourcecode.swift; path = LevelUpBar.swift; sourceTree = "<group>"; };
		99EEC6142C320FC30044F906 /* FitnessOptionType.swift */ = {isa = PBXFileReference; lastKnownFileType = sourcecode.swift; path = FitnessOptionType.swift; sourceTree = "<group>"; };
		99EEC6172C32F37A0044F906 /* SizePreferanceKey.swift */ = {isa = PBXFileReference; lastKnownFileType = sourcecode.swift; path = SizePreferanceKey.swift; sourceTree = "<group>"; };
		99EEC61B2C33905B0044F906 /* ProgramListHomePreview.swift */ = {isa = PBXFileReference; lastKnownFileType = sourcecode.swift; path = ProgramListHomePreview.swift; sourceTree = "<group>"; };
		99F71F9E2C023A3D00E27B60 /* UsageTimeView.swift */ = {isa = PBXFileReference; lastKnownFileType = sourcecode.swift; path = UsageTimeView.swift; sourceTree = "<group>"; };
		99F7F6DC2CAB41FB009858AC /* StatPoint.swift */ = {isa = PBXFileReference; lastKnownFileType = sourcecode.swift; path = StatPoint.swift; sourceTree = "<group>"; };
		99F7F6DE2CAB6A4F009858AC /* GymSessionsStatView.swift */ = {isa = PBXFileReference; lastKnownFileType = sourcecode.swift; path = GymSessionsStatView.swift; sourceTree = "<group>"; };
		99F7F6E02CAB6BB0009858AC /* GymSessionStatsView.swift */ = {isa = PBXFileReference; lastKnownFileType = sourcecode.swift; path = GymSessionStatsView.swift; sourceTree = "<group>"; };
		99F7F6E22CAC422F009858AC /* GymSessionsInfoView.swift */ = {isa = PBXFileReference; lastKnownFileType = sourcecode.swift; path = GymSessionsInfoView.swift; sourceTree = "<group>"; };
		99F7F6F82CAE3CE9009858AC /* WebView.swift */ = {isa = PBXFileReference; lastKnownFileType = sourcecode.swift; path = WebView.swift; sourceTree = "<group>"; };
		99FC9E432C5EADC800DAFFAC /* XPAdditionType.swift */ = {isa = PBXFileReference; lastKnownFileType = sourcecode.swift; path = XPAdditionType.swift; sourceTree = "<group>"; };
		99FC9E452C5EC1F900DAFFAC /* AnalyticsView.swift */ = {isa = PBXFileReference; lastKnownFileType = sourcecode.swift; path = AnalyticsView.swift; sourceTree = "<group>"; };
		99FC9E472C5EC56B00DAFFAC /* RequestCustomProgramWidget.swift */ = {isa = PBXFileReference; lastKnownFileType = sourcecode.swift; path = RequestCustomProgramWidget.swift; sourceTree = "<group>"; };
		AA1234562C84567890ABC002 /* StoreKitManager.swift */ = {isa = PBXFileReference; lastKnownFileType = sourcecode.swift; path = StoreKitManager.swift; sourceTree = "<group>"; };
		BB7654322C84567890FED002 /* PaywallView.swift */ = {isa = PBXFileReference; lastKnownFileType = sourcecode.swift; path = PaywallView.swift; sourceTree = "<group>"; };
		EB6D282618E90BB28B97B172 /* DesignSystem.swift */ = {isa = PBXFileReference; includeInIndex = 1; lastKnownFileType = sourcecode.swift; name = DesignSystem.swift; path = LevelUpFitness/Utilities/DesignSystem.swift; sourceTree = "<group>"; };
/* End PBXFileReference section */

/* Begin PBXFrameworksBuildPhase section */
		99CFAADF2BEB075500EFF67E /* Frameworks */ = {
			isa = PBXFrameworksBuildPhase;
			buildActionMask = 2147483647;
			files = (
			);
			runOnlyForDeploymentPostprocessing = 0;
		};
/* End PBXFrameworksBuildPhase section */

/* Begin PBXGroup section */
		991FB4552C6687D4006B4ACE /* Utilities */ = {
			isa = PBXGroup;
			children = (
				991FB4562C6687EE006B4ACE /* DateUtility.swift */,
				991FB45C2C668A8D006B4ACE /* LocalStorageUtility.swift */,
				991FB4802C6D8B10006B4ACE /* ChallengesUtility.swift */,
				99ECAD2F2C7841BA0012F8E7 /* StringUtility.swift */,
				99E0A5182C9141BC00CC1224 /* ErrorUtility.swift */,
				99A0C8BA2CA4D0B700F9281A /* ProgramCloudKitUtility.swift */,
				99A0C8BE2CA77A9900F9281A /* XPCloudKitUtility.swift */,
				99A0C8C02CA77F5000F9281A /* TrendCloudKitUtility.swift */,
				99A0C8C22CA7917100F9281A /* ChallengeCloudKitUtility.swift */,
				99A0C8E22CA9B0D900F9281A /* ExerciseCloudKitUtility.swift */,
				EB6D282618E90BB28B97B172 /* DesignSystem.swift */,
			);
			path = Utilities;
			sourceTree = "<group>";
		};
		996E6AC52C0023A9000720FC /* Frameworks */ = {
			isa = PBXGroup;
			children = (
			);
			name = Frameworks;
			sourceTree = "<group>";
		};
		999F70682C096AA600B35A78 /* ViewModels */ = {
			isa = PBXGroup;
			children = (
			);
			path = ViewModels;
			sourceTree = "<group>";
		};
		99A67EE82BF451E3002DC3DC /* Managers */ = {
			isa = PBXGroup;
			children = (
				994E7DB22C02665300BAD9E0 /* KeyboardResponder.swift */,
				998475172BFC18F200295C6E /* AuthenticationManager.swift */,
				991F8FD92C13EB3900A134A5 /* HealthManager.swift */,
				991F8FE92C17841300A134A5 /* BadgeManager.swift */,
				9945E0B92C39A15E00EA19D2 /* XPManager.swift */,
				991FB4702C68223E006B4ACE /* LevelChangeManager.swift */,
				99B627472C38561D00482E3B /* WorkoutManager.swift */,
				991FB46A2C66B5ED006B4ACE /* ProgramManager.swift */,
				991FB46E2C682055006B4ACE /* ChallengeManager.swift */,
				991FB4762C6A9756006B4ACE /* ExerciseManager.swift */,
				9942D3942C6EBD2A0022C219 /* NotificationManager.swift */,
				99ECAD272C76E35C0012F8E7 /* GlobalCoverManager.swift */,
				99ECAD2D2C783C2F0012F8E7 /* ToDoListManager.swift */,
				9978CDFB2C7D8A6200659813 /* TrendManager.swift */,
				99B44BFD2C990C3B00C0C434 /* CustomWorkoutManager.swift */,
				99B44C072C9D105200C0C434 /* InitializationManager.swift */,
				99B44C0D2CA072ED00C0C434 /* GymManager.swift */,
				99A0C8C62CA84C2500F9281A /* FirstLaunchManager.swift */,
				AA1234562C84567890ABC002 /* StoreKitManager.swift */,
			);
			path = Managers;
			sourceTree = "<group>";
		};
		99A67EEB2BF451F4002DC3DC /* Views */ = {
			isa = PBXGroup;
			children = (
				99A67EE92BF451EF002DC3DC /* HomeView.swift */,
				992F26A42C6032A100F25400 /* FullLevelBreakdownView.swift */,
				994E7DC82C03DF5C00BAD9E0 /* ProgramView.swift */,
				99B44C112CA07C1F00C0C434 /* GymSessionView.swift */,
				991F8FF12C18D0A100A134A5 /* LibraryView.swift */,
				991FB4492C653C38006B4ACE /* IndividualExerciseView.swift */,
				999F70642C06C80300B35A78 /* WorkoutView.swift */,
				998ADA692C56FA28008C2795 /* ConfirmLeaveProgramWidget.swift */,
				99DD3D512C1D0839006C07B3 /* ExerciseLibraryExerciseWidget.swift */,
				9978CDF12C7C22F500659813 /* LibraryExerciseDataView.swift */,
				9978CDF92C7D83C700659813 /* WeightTrendView.swift */,
				991FB44B2C654A69006B4ACE /* VerticalLevelBanner.swift */,
				991F8FE32C1527A900A134A5 /* ProgramStatisticsView.swift */,
				993DF2402C397C5C00BBC1BF /* SetCounterWidget.swift */,
				993DF23E2C38AFEF00BBC1BF /* SetStatWidget.swift */,
				99A67F052BF456A7002DC3DC /* PagesHolderView.swift */,
				99F71F9E2C023A3D00E27B60 /* UsageTimeView.swift */,
				994E7DB02C02643D00BAD9E0 /* LoginView.swift */,
				994E7DB42C0266A000BAD9E0 /* RegisterView.swift */,
				994E7DB82C026BE400BAD9E0 /* AuthCheckView.swift */,
				994E7DBA2C026BFE00BAD9E0 /* SplashScreenView.swift */,
				994E7DBC2C028F5B00BAD9E0 /* ConfirmationCodeView.swift */,
				994E7DC02C02950000BAD9E0 /* WorkoutCard.swift */,
				999F706B2C0E71E000B35A78 /* WorkoutExitWarningView.swift */,
				999F706D2C0EB08600B35A78 /* MetricsView.swift */,
				999F70732C0F59EA00B35A78 /* StatisticsWidget.swift */,
				999F70772C0FA57500B35A78 /* CommunityView.swift */,
				999F70712C0EB4D400B35A78 /* AchievementWidget.swift */,
				991F8FF32C18DF9400A134A5 /* WeightProgressTracker.swift */,
				998DA0162C1A34840078E882 /* ChatView.swift */,
				99DD3D532C1D0871006C07B3 /* FullPageVideoView.swift */,
				99EEC61B2C33905B0044F906 /* ProgramListHomePreview.swift */,
				99569FC42C34CD06001DFCB8 /* JoinProgramWidget.swift */,
				993871A52C3A1CBF00FFAF8A /* LevelWidget.swift */,
				993871A72C3A242700FFAF8A /* LevelCircularProgressView.swift */,
				993871A92C3A25D600FFAF8A /* SubLevelCircularWidget.swift */,
				993871AB2C3A385700FFAF8A /* DailyTargetView.swift */,
				995B94B82C596EEF007AECF0 /* TimeSpentWidget.swift */,
				995B94BC2C5986F3007AECF0 /* PastProgramsView.swift */,
				99FC9E452C5EC1F900DAFFAC /* AnalyticsView.swift */,
				99FC9E472C5EC56B00DAFFAC /* RequestCustomProgramWidget.swift */,
				992F26A22C60079200F25400 /* ProgramSummaryView.swift */,
				992F26A62C61225300F25400 /* LevelInfoView.swift */,
				992F26AA2C626FC300F25400 /* ProfileView.swift */,
				991FB43F2C628084006B4ACE /* HealthStatsWidget.swift */,
				9978CE0F2C83DE9800659813 /* WeightStatView.swift */,
				991FB4472C62C085006B4ACE /* RecommendedExerciseWidget.swift */,
				991FB4742C69394D006B4ACE /* LevelChangeWidget.swift */,
				991FB47C2C6C3BCE006B4ACE /* ChallengeTemplateWidget.swift */,
				991FB47E2C6D561F006B4ACE /* ActiveUserChallengeWidget.swift */,
				99ECAD252C76C6610012F8E7 /* ProgramCompletedCover.swift */,
				99ECAD292C76F0B30012F8E7 /* ChallengeCompletedView.swift */,
				99ECAD2B2C78208F0012F8E7 /* ProgramCompletedForTheDayCover.swift */,
				99ECAD312C7844080012F8E7 /* PastProgramWidget.swift */,
				99ECAD352C7850F40012F8E7 /* PastProgramInsightView.swift */,
				99EEC6122C3201780044F906 /* LevelUpBar.swift */,
				9978CDF72C7D79C700659813 /* HealthTrendView.swift */,
				9978CDEF2C7C22E800659813 /* ExerciseDataSetWidget.swift */,
				99B44C052C9BA6CB00C0C434 /* CustomWorkoutExerciseDataSetWidget.swift */,
				9978CDFF2C7E69D200659813 /* ToDoList.swift */,
				99E0A5142C86908A00CC1224 /* ProgramStatsButtonWidget.swift */,
				99E0A5162C8DE63E00CC1224 /* SearchView.swift */,
				99E0A51A2C93E1CC00CC1224 /* ChallengeDetailsView.swift */,
				99E0A51C2C97184700CC1224 /* CustomWorkoutView.swift */,
				99B44C012C990F7100C0C434 /* CreateCustomWorkoutView.swift */,
				99B44C032C9A68C600C0C434 /* CustomWorkoutWidget.swift */,
				99B44C092C9F711E00C0C434 /* ActiveChallengesView.swift */,
				99A0C8C42CA84BEE00F9281A /* IntroView.swift */,
				99F7F6DE2CAB6A4F009858AC /* GymSessionsStatView.swift */,
				99F7F6E02CAB6BB0009858AC /* GymSessionStatsView.swift */,
				99F7F6E22CAC422F009858AC /* GymSessionsInfoView.swift */,
				99F7F6F82CAE3CE9009858AC /* WebView.swift */,
				9953BDEB2CF2832800348AC3 /* ScheduleBarView.swift */,
				9953BDED2CF2A25A00348AC3 /* FutureWorkoutOverlays.swift */,
				BB7654322C84567890FED002 /* PaywallView.swift */,
				2D2C9713A87E916F1100CFBC /* LibraryExercisePicker.swift */,
			);
			path = Views;
			sourceTree = "<group>";
		};
		99A67EEC2BF45206002DC3DC /* Extensions */ = {
			isa = PBXGroup;
			children = (
				999F70752C0F6D9C00B35A78 /* Double.swift */,
				991F8FE12C15278500A134A5 /* Extensions.swift */,
			);
			path = Extensions;
			sourceTree = "<group>";
		};
		99A67EED2BF45211002DC3DC /* Fonts */ = {
			isa = PBXGroup;
			children = (
				9978CE032C83A6AA00659813 /* AzeretMono-Regular.ttf */,
				99A67EF22BF45250002DC3DC /* EtruscoNow Medium.ttf */,
				99A67EF12BF45250002DC3DC /* EtruscoNowCondensed Bold.ttf */,
				99A67EEE2BF45250002DC3DC /* Sailec Bold.ttf */,
				9978CE072C83A87D00659813 /* Gugi-Regular.ttf */,
				9978CE052C83A75100659813 /* AzeretMono-Bold.ttf */,
				99A67EF32BF45250002DC3DC /* Sailec Light.ttf */,
				99A67EF72BF45250002DC3DC /* Sailec Medium.ttf */,
				9978CE092C83A94500659813 /* YanoneKaffeesatz-Bold.ttf */,
				9978CE0A2C83A94500659813 /* YanoneKaffeesatz-Regular.ttf */,
				99A67EF82BF45251002DC3DC /* Sailec Regular Italic.ttf */,
				99A67EF42BF45250002DC3DC /* Sailec Thin.ttf */,
				99A67EEF2BF45250002DC3DC /* times new roman bold italic.ttf */,
				99A67EF52BF45250002DC3DC /* times new roman bold.ttf */,
				99A67EF62BF45250002DC3DC /* times new roman italic.ttf */,
				99A67EF02BF45250002DC3DC /* times new roman.ttf */,
			);
			path = Fonts;
			sourceTree = "<group>";
		};
		99A67F072BF55EEF002DC3DC /* Models */ = {
			isa = PBXGroup;
			children = (
				99A67F082BF55EFE002DC3DC /* PageType.swift */,
				994E7DC22C02955300BAD9E0 /* Workout.swift */,
				994E7DC62C03DE5400BAD9E0 /* PascalCaseCodingKey.swift */,
				994E7DCA2C05289F00BAD9E0 /* Program.swift */,
				991F8FE52C154F5200A134A5 /* DayCompletion.swift */,
				991F8FE72C1680A800A134A5 /* ProgramDBRepresentation.swift */,
				991F8FEB2C17844400A134A5 /* Badge.swift */,
				991F8FED2C17852900A134A5 /* UserBadgeInfo.swift */,
				996919112C1CD12D00C0F664 /* ExerciseLibraryExercise.swift */,
				99EEC6142C320FC30044F906 /* FitnessOptionType.swift */,
				99B627492C38871600482E3B /* ExerciseDataRepWidgetModel.swift */,
				9945E0BB2C39A19300EA19D2 /* XPData.swift */,
				997328EA2C57EDA6007708A9 /* ProgramPageTypes.swift */,
				995B94BA2C596F0B007AECF0 /* TimeData.swift */,
				99FC9E432C5EADC800DAFFAC /* XPAdditionType.swift */,
				992F26A82C61808000F25400 /* MuscleGroupStat.swift */,
				991FB4512C66657C006B4ACE /* LevelChangeInfo.swift */,
				991FB45E2C668DF8006B4ACE /* Errors.swift */,
				991FB4782C6BCD46006B4ACE /* UserChallenge.swift */,
				991FB47A2C6BCD80006B4ACE /* ChallengeTemplate.swift */,
				9978CDF32C7C233D00659813 /* LibraryExerciseDataSectionType.swift */,
				9978CDF52C7D797C00659813 /* HealthDataPoint.swift */,
				9978CDFD2C7E5CE700659813 /* ToDoListTask.swift */,
				9978CE012C7FC96C00659813 /* ExerciseData.swift */,
				99B44BFF2C990DAB00C0C434 /* CustomWorkout.swift */,
				99B44C0F2CA074F500C0C434 /* GymSession.swift */,
				99A0C8BC2CA64CDF00F9281A /* ProgramWithID.swift */,
				99F7F6DC2CAB41FB009858AC /* StatPoint.swift */,
			);
			path = Models;
			sourceTree = "<group>";
		};
		99CFAAD92BEB075400EFF67E = {
			isa = PBXGroup;
			children = (
				99CFAAE42BEB075500EFF67E /* LevelUpFitness */,
				99CFAAE32BEB075500EFF67E /* Products */,
				996E6AC52C0023A9000720FC /* Frameworks */,
				EB6D282618E90BB28B97B172 /* DesignSystem.swift */,
				2D2C9713A87E916F1100CFBC /* LibraryExercisePicker.swift */,
			);
			sourceTree = "<group>";
		};
		99CFAAE32BEB075500EFF67E /* Products */ = {
			isa = PBXGroup;
			children = (
				99CFAAE22BEB075500EFF67E /* LevelUpFitness.app */,
			);
			name = Products;
			sourceTree = "<group>";
		};
		99CFAAE42BEB075500EFF67E /* LevelUpFitness */ = {
			isa = PBXGroup;
			children = (
				99A0C8B92CA4CEB800F9281A /* LevelUpFitnessDebug.entitlements */,
				992F26AC2C62747800F25400 /* LevelUpFitness.entitlements */,
				99EEC6162C32F3690044F906 /* PreferenceKeys */,
				999F70682C096AA600B35A78 /* ViewModels */,
				99A67F042BF4525B002DC3DC /* Info.plist */,
				99A67EED2BF45211002DC3DC /* Fonts */,
				99A67EEC2BF45206002DC3DC /* Extensions */,
				991FB4552C6687D4006B4ACE /* Utilities */,
				99A67F072BF55EEF002DC3DC /* Models */,
				99A67EE82BF451E3002DC3DC /* Managers */,
				99A67EEB2BF451F4002DC3DC /* Views */,
				99CFAAE52BEB075500EFF67E /* LevelUpFitnessApp.swift */,
				99CFAAE72BEB075500EFF67E /* ContentView.swift */,
				99CFAAE92BEB075700EFF67E /* Assets.xcassets */,
				99CFAAEB2BEB075700EFF67E /* Preview Content */,
				998DA0142C1A18940078E882 /* ViewModifiers.swift */,
			);
			path = LevelUpFitness;
			sourceTree = "<group>";
		};
		99CFAAEB2BEB075700EFF67E /* Preview Content */ = {
			isa = PBXGroup;
			children = (
				99CFAAEC2BEB075700EFF67E /* Preview Assets.xcassets */,
			);
			path = "Preview Content";
			sourceTree = "<group>";
		};
		99EEC6162C32F3690044F906 /* PreferenceKeys */ = {
			isa = PBXGroup;
			children = (
				99EEC6172C32F37A0044F906 /* SizePreferanceKey.swift */,
			);
			path = PreferenceKeys;
			sourceTree = "<group>";
		};
/* End PBXGroup section */

/* Begin PBXNativeTarget section */
		99CFAAE12BEB075500EFF67E /* LevelUpFitness */ = {
			isa = PBXNativeTarget;
			buildConfigurationList = 99CFAAF02BEB075700EFF67E /* Build configuration list for PBXNativeTarget "LevelUpFitness" */;
			buildPhases = (
				99CFAADE2BEB075500EFF67E /* Sources */,
				99CFAADF2BEB075500EFF67E /* Frameworks */,
				99CFAAE02BEB075500EFF67E /* Resources */,
			);
			buildRules = (
			);
			dependencies = (
			);
			name = LevelUpFitness;
			productName = LevelUpFitness;
			productReference = 99CFAAE22BEB075500EFF67E /* LevelUpFitness.app */;
			productType = "com.apple.product-type.application";
		};
/* End PBXNativeTarget section */

/* Begin PBXProject section */
		99CFAADA2BEB075500EFF67E /* Project object */ = {
			isa = PBXProject;
			attributes = {
				BuildIndependentTargetsInParallel = 1;
				LastSwiftUpdateCheck = 1520;
				LastUpgradeCheck = 1520;
				TargetAttributes = {
					99CFAAE12BEB075500EFF67E = {
						CreatedOnToolsVersion = 15.2;
					};
				};
			};
			buildConfigurationList = 99CFAADD2BEB075500EFF67E /* Build configuration list for PBXProject "LevelUpFitness" */;
			compatibilityVersion = "Xcode 14.0";
			developmentRegion = en;
			hasScannedForEncodings = 0;
			knownRegions = (
				en,
				Base,
			);
			mainGroup = 99CFAAD92BEB075400EFF67E;
			productRefGroup = 99CFAAE32BEB075500EFF67E /* Products */;
			projectDirPath = "";
			projectRoot = "";
			targets = (
				99CFAAE12BEB075500EFF67E /* LevelUpFitness */,
			);
		};
/* End PBXProject section */

/* Begin PBXResourcesBuildPhase section */
		99CFAAE02BEB075500EFF67E /* Resources */ = {
			isa = PBXResourcesBuildPhase;
			buildActionMask = 2147483647;
			files = (
				9978CE062C83A75100659813 /* AzeretMono-Bold.ttf in Resources */,
				9978CE0C2C83A94500659813 /* YanoneKaffeesatz-Regular.ttf in Resources */,
				99A67F032BF45251002DC3DC /* Sailec Regular Italic.ttf in Resources */,
				99CFAAED2BEB075700EFF67E /* Preview Assets.xcassets in Resources */,
				99A67EFC2BF45251002DC3DC /* EtruscoNowCondensed Bold.ttf in Resources */,
				99A67F002BF45251002DC3DC /* times new roman bold.ttf in Resources */,
				99A67EFF2BF45251002DC3DC /* Sailec Thin.ttf in Resources */,
				9978CE042C83A74300659813 /* AzeretMono-Regular.ttf in Resources */,
				99CFAAEA2BEB075700EFF67E /* Assets.xcassets in Resources */,
				99A67EF92BF45251002DC3DC /* Sailec Bold.ttf in Resources */,
				99A67EFA2BF45251002DC3DC /* times new roman bold italic.ttf in Resources */,
				99A67F022BF45251002DC3DC /* Sailec Medium.ttf in Resources */,
				99A67EFE2BF45251002DC3DC /* Sailec Light.ttf in Resources */,
				99A67EFD2BF45251002DC3DC /* EtruscoNow Medium.ttf in Resources */,
				9978CE082C83A88000659813 /* Gugi-Regular.ttf in Resources */,
				9978CE0B2C83A94500659813 /* YanoneKaffeesatz-Bold.ttf in Resources */,
				99A67F012BF45251002DC3DC /* times new roman italic.ttf in Resources */,
				99A67EFB2BF45251002DC3DC /* times new roman.ttf in Resources */,
			);
			runOnlyForDeploymentPostprocessing = 0;
		};
/* End PBXResourcesBuildPhase section */

/* Begin PBXSourcesBuildPhase section */
		99CFAADE2BEB075500EFF67E /* Sources */ = {
			isa = PBXSourcesBuildPhase;
			buildActionMask = 2147483647;
			files = (
				991FB44A2C653C38006B4ACE /* IndividualExerciseView.swift in Sources */,
				99A67EEA2BF451F0002DC3DC /* HomeView.swift in Sources */,
				992F26A92C61808000F25400 /* MuscleGroupStat.swift in Sources */,
				991F8FEC2C17844400A134A5 /* Badge.swift in Sources */,
				991FB47B2C6BCD81006B4ACE /* ChallengeTemplate.swift in Sources */,
				9978CDF42C7C233D00659813 /* LibraryExerciseDataSectionType.swift in Sources */,
				99A67F062BF456A7002DC3DC /* PagesHolderView.swift in Sources */,
				995B94BD2C5986F3007AECF0 /* PastProgramsView.swift in Sources */,
				99E0A51B2C93E1CC00CC1224 /* ChallengeDetailsView.swift in Sources */,
				994E7DBB2C026BFE00BAD9E0 /* SplashScreenView.swift in Sources */,
				992F26AB2C626FC300F25400 /* ProfileView.swift in Sources */,
				99CFAAE82BEB075500EFF67E /* ContentView.swift in Sources */,
				991F8FDA2C13EB3900A134A5 /* HealthManager.swift in Sources */,
				99F7F6DF2CAB6A4F009858AC /* GymSessionsStatView.swift in Sources */,
				994E7DC32C02955300BAD9E0 /* Workout.swift in Sources */,
				994E7DCB2C05289F00BAD9E0 /* Program.swift in Sources */,
				993871AC2C3A385700FFAF8A /* DailyTargetView.swift in Sources */,
				99B44C002C990DAB00C0C434 /* CustomWorkout.swift in Sources */,
				994E7DBD2C028F5B00BAD9E0 /* ConfirmationCodeView.swift in Sources */,
				99569FC52C34CD06001DFCB8 /* JoinProgramWidget.swift in Sources */,
				99B44C082C9D105200C0C434 /* InitializationManager.swift in Sources */,
				99EEC61C2C33905B0044F906 /* ProgramListHomePreview.swift in Sources */,
				99ECAD2A2C76F0B30012F8E7 /* ChallengeCompletedView.swift in Sources */,
				999F70782C0FA57500B35A78 /* CommunityView.swift in Sources */,
				994E7DB32C02665300BAD9E0 /* KeyboardResponder.swift in Sources */,
				991FB4812C6D8B10006B4ACE /* ChallengesUtility.swift in Sources */,
				991FB4772C6A9756006B4ACE /* ExerciseManager.swift in Sources */,
				994E7DC92C03DF5C00BAD9E0 /* ProgramView.swift in Sources */,
				991FB4402C628084006B4ACE /* HealthStatsWidget.swift in Sources */,
				99F7F6E32CAC422F009858AC /* GymSessionsInfoView.swift in Sources */,
				99ECAD262C76C6610012F8E7 /* ProgramCompletedCover.swift in Sources */,
				999F706E2C0EB08600B35A78 /* MetricsView.swift in Sources */,
				999F70652C06C80300B35A78 /* WorkoutView.swift in Sources */,
				99EEC6132C3201780044F906 /* LevelUpBar.swift in Sources */,
				991FB4572C6687EE006B4ACE /* DateUtility.swift in Sources */,
				99ECAD282C76E35C0012F8E7 /* GlobalCoverManager.swift in Sources */,
				993DF23F2C38AFEF00BBC1BF /* SetStatWidget.swift in Sources */,
				991F8FE62C154F5200A134A5 /* DayCompletion.swift in Sources */,
				99B6274A2C38871600482E3B /* ExerciseDataRepWidgetModel.swift in Sources */,
				996919122C1CD12D00C0F664 /* ExerciseLibraryExercise.swift in Sources */,
				99F7F6E12CAB6BB0009858AC /* GymSessionStatsView.swift in Sources */,
				999F70742C0F59EA00B35A78 /* StatisticsWidget.swift in Sources */,
				991FB47D2C6C3BCF006B4ACE /* ChallengeTemplateWidget.swift in Sources */,
				99E0A5192C9141BC00CC1224 /* ErrorUtility.swift in Sources */,
				9945E0BC2C39A19300EA19D2 /* XPData.swift in Sources */,
				994E7DC12C02950000BAD9E0 /* WorkoutCard.swift in Sources */,
				9978CDF82C7D79C700659813 /* HealthTrendView.swift in Sources */,
				995B94B92C596EEF007AECF0 /* TimeSpentWidget.swift in Sources */,
				99E0A5152C86908B00CC1224 /* ProgramStatsButtonWidget.swift in Sources */,
				991FB4792C6BCD46006B4ACE /* UserChallenge.swift in Sources */,
				99B44C102CA074F600C0C434 /* GymSession.swift in Sources */,
				991FB4712C68223E006B4ACE /* LevelChangeManager.swift in Sources */,
				991FB46B2C66B5ED006B4ACE /* ProgramManager.swift in Sources */,
				997328EB2C57EDA6007708A9 /* ProgramPageTypes.swift in Sources */,
				9942D3952C6EBD2A0022C219 /* NotificationManager.swift in Sources */,
				9978CE002C7E69D200659813 /* ToDoList.swift in Sources */,
				993DF2412C397C5C00BBC1BF /* SetCounterWidget.swift in Sources */,
				99B44C0A2C9F711E00C0C434 /* ActiveChallengesView.swift in Sources */,
				9978CDF02C7C22E800659813 /* ExerciseDataSetWidget.swift in Sources */,
				993871A82C3A242700FFAF8A /* LevelCircularProgressView.swift in Sources */,
				991FB46F2C682055006B4ACE /* ChallengeManager.swift in Sources */,
				9978CDF62C7D797C00659813 /* HealthDataPoint.swift in Sources */,
				991FB4522C66657C006B4ACE /* LevelChangeInfo.swift in Sources */,
				991FB45D2C668A8D006B4ACE /* LocalStorageUtility.swift in Sources */,
				9953BDEE2CF2A25A00348AC3 /* FutureWorkoutOverlays.swift in Sources */,
				99A0C8BF2CA77A9900F9281A /* XPCloudKitUtility.swift in Sources */,
				99EEC6182C32F37A0044F906 /* SizePreferanceKey.swift in Sources */,
				999F70722C0EB4D400B35A78 /* AchievementWidget.swift in Sources */,
				992F26A72C61225300F25400 /* LevelInfoView.swift in Sources */,
				99B44C042C9A68C600C0C434 /* CustomWorkoutWidget.swift in Sources */,
				991FB44C2C654A69006B4ACE /* VerticalLevelBanner.swift in Sources */,
				99B44C122CA07C1F00C0C434 /* GymSessionView.swift in Sources */,
				991F8FE82C1680A800A134A5 /* ProgramDBRepresentation.swift in Sources */,
				991F8FF42C18DF9400A134A5 /* WeightProgressTracker.swift in Sources */,
				992F26A32C60079200F25400 /* ProgramSummaryView.swift in Sources */,
				99E0A5172C8DE63E00CC1224 /* SearchView.swift in Sources */,
				998475182BFC18F200295C6E /* AuthenticationManager.swift in Sources */,
				9978CDFA2C7D83C700659813 /* WeightTrendView.swift in Sources */,
				99A0C8BB2CA4D0B700F9281A /* ProgramCloudKitUtility.swift in Sources */,
				991F8FE42C1527A900A134A5 /* ProgramStatisticsView.swift in Sources */,
				991F8FE22C15278500A134A5 /* Extensions.swift in Sources */,
				99F71F9F2C023A3D00E27B60 /* UsageTimeView.swift in Sources */,
				99E0A51D2C97184900CC1224 /* CustomWorkoutView.swift in Sources */,
				99DD3D542C1D0871006C07B3 /* FullPageVideoView.swift in Sources */,
				99ECAD2E2C783C2F0012F8E7 /* ToDoListManager.swift in Sources */,
				9978CDF22C7C22F500659813 /* LibraryExerciseDataView.swift in Sources */,
				9953BDEC2CF2832800348AC3 /* ScheduleBarView.swift in Sources */,
				99B44C062C9BA6CB00C0C434 /* CustomWorkoutExerciseDataSetWidget.swift in Sources */,
				99FC9E482C5EC56B00DAFFAC /* RequestCustomProgramWidget.swift in Sources */,
				991F8FEA2C17841300A134A5 /* BadgeManager.swift in Sources */,
				991F8FF22C18D0A100A134A5 /* LibraryView.swift in Sources */,
				99CFAAE62BEB075500EFF67E /* LevelUpFitnessApp.swift in Sources */,
				99ECAD2C2C78208F0012F8E7 /* ProgramCompletedForTheDayCover.swift in Sources */,
				99F7F6F92CAE3CEA009858AC /* WebView.swift in Sources */,
				99ECAD322C7844080012F8E7 /* PastProgramWidget.swift in Sources */,
				993871AA2C3A25D600FFAF8A /* SubLevelCircularWidget.swift in Sources */,
				99ECAD302C7841BA0012F8E7 /* StringUtility.swift in Sources */,
				99B627482C38561D00482E3B /* WorkoutManager.swift in Sources */,
				99EEC6152C320FC30044F906 /* FitnessOptionType.swift in Sources */,
				991FB4752C69394D006B4ACE /* LevelChangeWidget.swift in Sources */,
				994E7DC72C03DE5400BAD9E0 /* PascalCaseCodingKey.swift in Sources */,
				9978CE022C7FC96C00659813 /* ExerciseData.swift in Sources */,
				998DA0172C1A34840078E882 /* ChatView.swift in Sources */,
				99FC9E462C5EC1F900DAFFAC /* AnalyticsView.swift in Sources */,
				991FB47F2C6D561F006B4ACE /* ActiveUserChallengeWidget.swift in Sources */,
				99F7F6DD2CAB41FC009858AC /* StatPoint.swift in Sources */,
				99A0C8E32CA9B0D900F9281A /* ExerciseCloudKitUtility.swift in Sources */,
				99A0C8C12CA77F5000F9281A /* TrendCloudKitUtility.swift in Sources */,
				9945E0BA2C39A15F00EA19D2 /* XPManager.swift in Sources */,
				99DD3D522C1D0839006C07B3 /* ExerciseLibraryExerciseWidget.swift in Sources */,
				99A0C8C32CA7917100F9281A /* ChallengeCloudKitUtility.swift in Sources */,
				99A0C8C52CA84BEE00F9281A /* IntroView.swift in Sources */,
				99B44BFE2C990C3B00C0C434 /* CustomWorkoutManager.swift in Sources */,
				994E7DB52C0266A000BAD9E0 /* RegisterView.swift in Sources */,
				9978CDFE2C7E5CE700659813 /* ToDoListTask.swift in Sources */,
				992F26A52C6032A100F25400 /* FullLevelBreakdownView.swift in Sources */,
				993871A62C3A1CBF00FFAF8A /* LevelWidget.swift in Sources */,
				99B44C022C990F7100C0C434 /* CreateCustomWorkoutView.swift in Sources */,
				99A0C8BD2CA64CDF00F9281A /* ProgramWithID.swift in Sources */,
				998DA0152C1A18940078E882 /* ViewModifiers.swift in Sources */,
				99ECAD362C7850F40012F8E7 /* PastProgramInsightView.swift in Sources */,
				994E7DB12C02643D00BAD9E0 /* LoginView.swift in Sources */,
				998ADA6A2C56FA28008C2795 /* ConfirmLeaveProgramWidget.swift in Sources */,
				991FB4482C62C085006B4ACE /* RecommendedExerciseWidget.swift in Sources */,
				991FB45F2C668DF8006B4ACE /* Errors.swift in Sources */,
				991F8FEE2C17852900A134A5 /* UserBadgeInfo.swift in Sources */,
				999F706C2C0E71E000B35A78 /* WorkoutExitWarningView.swift in Sources */,
				99A67F092BF55EFE002DC3DC /* PageType.swift in Sources */,
				999F70762C0F6D9C00B35A78 /* Double.swift in Sources */,
				99FC9E442C5EADC800DAFFAC /* XPAdditionType.swift in Sources */,
				9978CDFC2C7D8A6200659813 /* TrendManager.swift in Sources */,
				99B44C0E2CA072ED00C0C434 /* GymManager.swift in Sources */,
				995B94BB2C596F0B007AECF0 /* TimeData.swift in Sources */,
				99A0C8C72CA84C2500F9281A /* FirstLaunchManager.swift in Sources */,
				9978CE102C83DE9800659813 /* WeightStatView.swift in Sources */,
				994E7DB92C026BE500BAD9E0 /* AuthCheckView.swift in Sources */,
				AA1234562C84567890ABC001 /* StoreKitManager.swift in Sources */,
				BB7654322C84567890FED001 /* PaywallView.swift in Sources */,
				F5361616D19E7549FA2D164C /* DesignSystem.swift in Sources */,
				FF22A602FCDB5D9E694972F1 /* LibraryExercisePicker.swift in Sources */,
			);
			runOnlyForDeploymentPostprocessing = 0;
		};
/* End PBXSourcesBuildPhase section */

/* Begin XCBuildConfiguration section */
		99CFAAEE2BEB075700EFF67E /* Debug */ = {
			isa = XCBuildConfiguration;
			buildSettings = {
				ALWAYS_SEARCH_USER_PATHS = NO;
				ASSETCATALOG_COMPILER_GENERATE_SWIFT_ASSET_SYMBOL_EXTENSIONS = YES;
				CLANG_ANALYZER_NONNULL = YES;
				CLANG_ANALYZER_NUMBER_OBJECT_CONVERSION = YES_AGGRESSIVE;
				CLANG_CXX_LANGUAGE_STANDARD = "gnu++20";
				CLANG_ENABLE_MODULES = YES;
				CLANG_ENABLE_OBJC_ARC = YES;
				CLANG_ENABLE_OBJC_WEAK = YES;
				CLANG_WARN_BLOCK_CAPTURE_AUTORELEASING = YES;
				CLANG_WARN_BOOL_CONVERSION = YES;
				CLANG_WARN_COMMA = YES;
				CLANG_WARN_CONSTANT_CONVERSION = YES;
				CLANG_WARN_DEPRECATED_OBJC_IMPLEMENTATIONS = YES;
				CLANG_WARN_DIRECT_OBJC_ISA_USAGE = YES_ERROR;
				CLANG_WARN_DOCUMENTATION_COMMENTS = YES;
				CLANG_WARN_EMPTY_BODY = YES;
				CLANG_WARN_ENUM_CONVERSION = YES;
				CLANG_WARN_INFINITE_RECURSION = YES;
				CLANG_WARN_INT_CONVERSION = YES;
				CLANG_WARN_NON_LITERAL_NULL_CONVERSION = YES;
				CLANG_WARN_OBJC_IMPLICIT_RETAIN_SELF = YES;
				CLANG_WARN_OBJC_LITERAL_CONVERSION = YES;
				CLANG_WARN_OBJC_ROOT_CLASS = YES_ERROR;
				CLANG_WARN_QUOTED_INCLUDE_IN_FRAMEWORK_HEADER = YES;
				CLANG_WARN_RANGE_LOOP_ANALYSIS = YES;
				CLANG_WARN_STRICT_PROTOTYPES = YES;
				CLANG_WARN_SUSPICIOUS_MOVE = YES;
				CLANG_WARN_UNGUARDED_AVAILABILITY = YES_AGGRESSIVE;
				CLANG_WARN_UNREACHABLE_CODE = YES;
				CLANG_WARN__DUPLICATE_METHOD_MATCH = YES;
				COPY_PHASE_STRIP = NO;
				DEBUG_INFORMATION_FORMAT = dwarf;
				ENABLE_STRICT_OBJC_MSGSEND = YES;
				ENABLE_TESTABILITY = YES;
				ENABLE_USER_SCRIPT_SANDBOXING = YES;
				GCC_C_LANGUAGE_STANDARD = gnu17;
				GCC_DYNAMIC_NO_PIC = NO;
				GCC_NO_COMMON_BLOCKS = YES;
				GCC_OPTIMIZATION_LEVEL = 0;
				GCC_PREPROCESSOR_DEFINITIONS = (
					"DEBUG=1",
					"$(inherited)",
				);
				GCC_WARN_64_TO_32_BIT_CONVERSION = YES;
				GCC_WARN_ABOUT_RETURN_TYPE = YES_ERROR;
				GCC_WARN_UNDECLARED_SELECTOR = YES;
				GCC_WARN_UNINITIALIZED_AUTOS = YES_AGGRESSIVE;
				GCC_WARN_UNUSED_FUNCTION = YES;
				GCC_WARN_UNUSED_VARIABLE = YES;
				IPHONEOS_DEPLOYMENT_TARGET = 17.2;
				LOCALIZATION_PREFERS_STRING_CATALOGS = YES;
				MTL_ENABLE_DEBUG_INFO = INCLUDE_SOURCE;
				MTL_FAST_MATH = YES;
				ONLY_ACTIVE_ARCH = YES;
				SDKROOT = iphoneos;
				SWIFT_ACTIVE_COMPILATION_CONDITIONS = "DEBUG $(inherited)";
				SWIFT_OPTIMIZATION_LEVEL = "-Onone";
			};
			name = Debug;
		};
		99CFAAEF2BEB075700EFF67E /* Release */ = {
			isa = XCBuildConfiguration;
			buildSettings = {
				ALWAYS_SEARCH_USER_PATHS = NO;
				ASSETCATALOG_COMPILER_GENERATE_SWIFT_ASSET_SYMBOL_EXTENSIONS = YES;
				CLANG_ANALYZER_NONNULL = YES;
				CLANG_ANALYZER_NUMBER_OBJECT_CONVERSION = YES_AGGRESSIVE;
				CLANG_CXX_LANGUAGE_STANDARD = "gnu++20";
				CLANG_ENABLE_MODULES = YES;
				CLANG_ENABLE_OBJC_ARC = YES;
				CLANG_ENABLE_OBJC_WEAK = YES;
				CLANG_WARN_BLOCK_CAPTURE_AUTORELEASING = YES;
				CLANG_WARN_BOOL_CONVERSION = YES;
				CLANG_WARN_COMMA = YES;
				CLANG_WARN_CONSTANT_CONVERSION = YES;
				CLANG_WARN_DEPRECATED_OBJC_IMPLEMENTATIONS = YES;
				CLANG_WARN_DIRECT_OBJC_ISA_USAGE = YES_ERROR;
				CLANG_WARN_DOCUMENTATION_COMMENTS = YES;
				CLANG_WARN_EMPTY_BODY = YES;
				CLANG_WARN_ENUM_CONVERSION = YES;
				CLANG_WARN_INFINITE_RECURSION = YES;
				CLANG_WARN_INT_CONVERSION = YES;
				CLANG_WARN_NON_LITERAL_NULL_CONVERSION = YES;
				CLANG_WARN_OBJC_IMPLICIT_RETAIN_SELF = YES;
				CLANG_WARN_OBJC_LITERAL_CONVERSION = YES;
				CLANG_WARN_OBJC_ROOT_CLASS = YES_ERROR;
				CLANG_WARN_QUOTED_INCLUDE_IN_FRAMEWORK_HEADER = YES;
				CLANG_WARN_RANGE_LOOP_ANALYSIS = YES;
				CLANG_WARN_STRICT_PROTOTYPES = YES;
				CLANG_WARN_SUSPICIOUS_MOVE = YES;
				CLANG_WARN_UNGUARDED_AVAILABILITY = YES_AGGRESSIVE;
				CLANG_WARN_UNREACHABLE_CODE = YES;
				CLANG_WARN__DUPLICATE_METHOD_MATCH = YES;
				COPY_PHASE_STRIP = NO;
				DEBUG_INFORMATION_FORMAT = "dwarf-with-dsym";
				ENABLE_NS_ASSERTIONS = NO;
				ENABLE_STRICT_OBJC_MSGSEND = YES;
				ENABLE_USER_SCRIPT_SANDBOXING = YES;
				GCC_C_LANGUAGE_STANDARD = gnu17;
				GCC_NO_COMMON_BLOCKS = YES;
				GCC_WARN_64_TO_32_BIT_CONVERSION = YES;
				GCC_WARN_ABOUT_RETURN_TYPE = YES_ERROR;
				GCC_WARN_UNDECLARED_SELECTOR = YES;
				GCC_WARN_UNINITIALIZED_AUTOS = YES_AGGRESSIVE;
				GCC_WARN_UNUSED_FUNCTION = YES;
				GCC_WARN_UNUSED_VARIABLE = YES;
				IPHONEOS_DEPLOYMENT_TARGET = 17.2;
				LOCALIZATION_PREFERS_STRING_CATALOGS = YES;
				MTL_ENABLE_DEBUG_INFO = NO;
				MTL_FAST_MATH = YES;
				SDKROOT = iphoneos;
				SWIFT_COMPILATION_MODE = wholemodule;
				VALIDATE_PRODUCT = YES;
			};
			name = Release;
		};
		99CFAAF12BEB075700EFF67E /* Debug */ = {
			isa = XCBuildConfiguration;
			buildSettings = {
				ASSETCATALOG_COMPILER_APPICON_NAME = AppIcon;
				ASSETCATALOG_COMPILER_GLOBAL_ACCENT_COLOR_NAME = AccentColor;
				CODE_SIGN_ENTITLEMENTS = LevelUpFitness/LevelUpFitnessDebug.entitlements;
				CODE_SIGN_IDENTITY = "Apple Development";
				CODE_SIGN_STYLE = Automatic;
				CURRENT_PROJECT_VERSION = 1;
				DEVELOPMENT_ASSET_PATHS = "\"LevelUpFitness/Preview Content\"";
				DEVELOPMENT_TEAM = NDZ2DG6484;
				ENABLE_PREVIEWS = YES;
				GENERATE_INFOPLIST_FILE = YES;
				INFOPLIST_FILE = LevelUpFitness/Info.plist;
				INFOPLIST_KEY_CFBundleDisplayName = "Level Up Fitness";
				INFOPLIST_KEY_NSHealthClinicalHealthRecordsShareUsageDescription = "We'll use this to add more data to your health metrics";
				INFOPLIST_KEY_NSHealthShareUsageDescription = "We'll use this to tailor your experience around factors such as the number of steps you take";
				INFOPLIST_KEY_NSHealthUpdateUsageDescription = "We'll use this update your Health Kit Data after using the app";
				INFOPLIST_KEY_NSSpeechRecognitionUsageDescription = "Not used";
				INFOPLIST_KEY_UIApplicationSceneManifest_Generation = YES;
				INFOPLIST_KEY_UIApplicationSupportsIndirectInputEvents = YES;
				INFOPLIST_KEY_UILaunchScreen_Generation = YES;
				INFOPLIST_KEY_UISupportedInterfaceOrientations = UIInterfaceOrientationPortrait;
				INFOPLIST_KEY_UISupportedInterfaceOrientations_iPad = "UIInterfaceOrientationLandscapeLeft UIInterfaceOrientationLandscapeRight UIInterfaceOrientationPortrait UIInterfaceOrientationPortraitUpsideDown";
				IPHONEOS_DEPLOYMENT_TARGET = 17.0;
				LD_RUNPATH_SEARCH_PATHS = (
					"$(inherited)",
					"@executable_path/Frameworks",
				);
				MARKETING_VERSION = 2.2;
				PRODUCT_BUNDLE_IDENTIFIER = com.LevelUpFitnessApplication;
				PRODUCT_NAME = "$(TARGET_NAME)";
				PROVISIONING_PROFILE_SPECIFIER = "";
				SWIFT_EMIT_LOC_STRINGS = YES;
				SWIFT_VERSION = 5.0;
				TARGETED_DEVICE_FAMILY = "1,2";
			};
			name = Debug;
		};
		99CFAAF22BEB075700EFF67E /* Release */ = {
			isa = XCBuildConfiguration;
			buildSettings = {
				ASSETCATALOG_COMPILER_APPICON_NAME = AppIcon;
				ASSETCATALOG_COMPILER_GLOBAL_ACCENT_COLOR_NAME = AccentColor;
				CODE_SIGN_ENTITLEMENTS = LevelUpFitness/LevelUpFitness.entitlements;
				CODE_SIGN_IDENTITY = "Apple Development";
				CODE_SIGN_STYLE = Automatic;
				CURRENT_PROJECT_VERSION = 1;
				DEVELOPMENT_ASSET_PATHS = "\"LevelUpFitness/Preview Content\"";
				DEVELOPMENT_TEAM = NDZ2DG6484;
				ENABLE_PREVIEWS = YES;
				GENERATE_INFOPLIST_FILE = YES;
				INFOPLIST_FILE = LevelUpFitness/Info.plist;
				INFOPLIST_KEY_CFBundleDisplayName = "Level Up Fitness";
				INFOPLIST_KEY_NSHealthClinicalHealthRecordsShareUsageDescription = "We'll use this to add more data to your health metrics";
				INFOPLIST_KEY_NSHealthShareUsageDescription = "We'll use this to tailor your experience around factors such as the number of steps you take";
				INFOPLIST_KEY_NSHealthUpdateUsageDescription = "We'll use this update your Health Kit Data after using the app";
				INFOPLIST_KEY_NSSpeechRecognitionUsageDescription = "Not used";
				INFOPLIST_KEY_UIApplicationSceneManifest_Generation = YES;
				INFOPLIST_KEY_UIApplicationSupportsIndirectInputEvents = YES;
				INFOPLIST_KEY_UILaunchScreen_Generation = YES;
				INFOPLIST_KEY_UISupportedInterfaceOrientations = UIInterfaceOrientationPortrait;
				INFOPLIST_KEY_UISupportedInterfaceOrientations_iPad = "UIInterfaceOrientationLandscapeLeft UIInterfaceOrientationLandscapeRight UIInterfaceOrientationPortrait UIInterfaceOrientationPortraitUpsideDown";
				IPHONEOS_DEPLOYMENT_TARGET = 17.0;
				LD_RUNPATH_SEARCH_PATHS = (
					"$(inherited)",
					"@executable_path/Frameworks",
				);
				MARKETING_VERSION = 2.2;
				PRODUCT_BUNDLE_IDENTIFIER = com.LevelUpFitnessApplication;
				PRODUCT_NAME = "$(TARGET_NAME)";
				PROVISIONING_PROFILE_SPECIFIER = "";
				SWIFT_EMIT_LOC_STRINGS = YES;
				SWIFT_VERSION = 5.0;
				TARGETED_DEVICE_FAMILY = "1,2";
			};
			name = Release;
		};
/* End XCBuildConfiguration section */

/* Begin XCConfigurationList section */
		99CFAADD2BEB075500EFF67E /* Build configuration list for PBXProject "LevelUpFitness" */ = {
			isa = XCConfigurationList;
			buildConfigurations = (
				99CFAAEE2BEB075700EFF67E /* Debug */,
				99CFAAEF2BEB075700EFF67E /* Release */,
			);
			defaultConfigurationIsVisible = 0;
			defaultConfigurationName = Release;
		};
		99CFAAF02BEB075700EFF67E /* Build configuration list for PBXNativeTarget "LevelUpFitness" */ = {
			isa = XCConfigurationList;
			buildConfigurations = (
				99CFAAF12BEB075700EFF67E /* Debug */,
				99CFAAF22BEB075700EFF67E /* Release */,
			);
			defaultConfigurationIsVisible = 0;
			defaultConfigurationName = Release;
		};
/* End XCConfigurationList section */
	};
	rootObject = 99CFAADA2BEB075500EFF67E /* Project object */;
}
