// !$*UTF8*$!
{
	archiveVersion = 1;
	classes = {
	};
	objectVersion = 56;
	objects = {

/* Begin PBXBuildFile section */
		0E5CE1C6E0490B7BE5F50F4D /* awsconfiguration.json in Resources */ = {isa = PBXBuildFile; fileRef = C9EF97A8E6FAD1E27A905BF3 /* awsconfiguration.json */; };
		991F8FDA2C13EB3900A134A5 /* HealthManager.swift in Sources */ = {isa = PBXBuildFile; fileRef = 991F8FD92C13EB3900A134A5 /* HealthManager.swift */; };
		991F8FE02C15274000A134A5 /* StatisticsManager.swift in Sources */ = {isa = PBXBuildFile; fileRef = 991F8FDF2C15274000A134A5 /* StatisticsManager.swift */; };
		991F8FE22C15278500A134A5 /* Extensions.swift in Sources */ = {isa = PBXBuildFile; fileRef = 991F8FE12C15278500A134A5 /* Extensions.swift */; };
		991F8FE42C1527A900A134A5 /* ProgramStatisticsView.swift in Sources */ = {isa = PBXBuildFile; fileRef = 991F8FE32C1527A900A134A5 /* ProgramStatisticsView.swift */; };
		991F8FE62C154F5200A134A5 /* DayCompletion.swift in Sources */ = {isa = PBXBuildFile; fileRef = 991F8FE52C154F5200A134A5 /* DayCompletion.swift */; };
		991F8FE82C1680A800A134A5 /* ProgramDBRepresentation.swift in Sources */ = {isa = PBXBuildFile; fileRef = 991F8FE72C1680A800A134A5 /* ProgramDBRepresentation.swift */; };
		991F8FEA2C17841300A134A5 /* BadgeManager.swift in Sources */ = {isa = PBXBuildFile; fileRef = 991F8FE92C17841300A134A5 /* BadgeManager.swift */; };
		991F8FEC2C17844400A134A5 /* Badge.swift in Sources */ = {isa = PBXBuildFile; fileRef = 991F8FEB2C17844400A134A5 /* Badge.swift */; };
		991F8FEE2C17852900A134A5 /* UserBadgeInfo.swift in Sources */ = {isa = PBXBuildFile; fileRef = 991F8FED2C17852900A134A5 /* UserBadgeInfo.swift */; };
		991F8FF22C18D0A100A134A5 /* LibraryView.swift in Sources */ = {isa = PBXBuildFile; fileRef = 991F8FF12C18D0A100A134A5 /* LibraryView.swift */; };
		991F8FF42C18DF9400A134A5 /* WeightProgressTracker.swift in Sources */ = {isa = PBXBuildFile; fileRef = 991F8FF32C18DF9400A134A5 /* WeightProgressTracker.swift */; };
		993871A62C3A1CBF00FFAF8A /* LevelWidget.swift in Sources */ = {isa = PBXBuildFile; fileRef = 993871A52C3A1CBF00FFAF8A /* LevelWidget.swift */; };
		993871A82C3A242700FFAF8A /* LevelCircularProgressView.swift in Sources */ = {isa = PBXBuildFile; fileRef = 993871A72C3A242700FFAF8A /* LevelCircularProgressView.swift */; };
		993871AA2C3A25D600FFAF8A /* SubLevelCircularWidget.swift in Sources */ = {isa = PBXBuildFile; fileRef = 993871A92C3A25D600FFAF8A /* SubLevelCircularWidget.swift */; };
		993871AC2C3A385700FFAF8A /* DailyTargetView.swift in Sources */ = {isa = PBXBuildFile; fileRef = 993871AB2C3A385700FFAF8A /* DailyTargetView.swift */; };
		993DF23F2C38AFEF00BBC1BF /* SetStatWidget.swift in Sources */ = {isa = PBXBuildFile; fileRef = 993DF23E2C38AFEF00BBC1BF /* SetStatWidget.swift */; };
		993DF2412C397C5C00BBC1BF /* SetCounterWidget.swift in Sources */ = {isa = PBXBuildFile; fileRef = 993DF2402C397C5C00BBC1BF /* SetCounterWidget.swift */; };
		9945E0BA2C39A15F00EA19D2 /* XPManager.swift in Sources */ = {isa = PBXBuildFile; fileRef = 9945E0B92C39A15E00EA19D2 /* XPManager.swift */; };
		9945E0BC2C39A19300EA19D2 /* XPData.swift in Sources */ = {isa = PBXBuildFile; fileRef = 9945E0BB2C39A19300EA19D2 /* XPData.swift */; };
		994BE7082C01483D00959EB5 /* AWSAPIPlugin in Frameworks */ = {isa = PBXBuildFile; productRef = 994BE7072C01483D00959EB5 /* AWSAPIPlugin */; };
		994BE70A2C01483D00959EB5 /* AWSCloudWatchLoggingPlugin in Frameworks */ = {isa = PBXBuildFile; productRef = 994BE7092C01483D00959EB5 /* AWSCloudWatchLoggingPlugin */; };
		994BE70C2C01483D00959EB5 /* AWSCognitoAuthPlugin in Frameworks */ = {isa = PBXBuildFile; productRef = 994BE70B2C01483D00959EB5 /* AWSCognitoAuthPlugin */; };
		994BE70E2C01483D00959EB5 /* AWSDataStorePlugin in Frameworks */ = {isa = PBXBuildFile; productRef = 994BE70D2C01483D00959EB5 /* AWSDataStorePlugin */; };
		994BE7102C01483D00959EB5 /* AWSLocationGeoPlugin in Frameworks */ = {isa = PBXBuildFile; productRef = 994BE70F2C01483D00959EB5 /* AWSLocationGeoPlugin */; };
		994BE7122C01483D00959EB5 /* AWSPinpointAnalyticsPlugin in Frameworks */ = {isa = PBXBuildFile; productRef = 994BE7112C01483D00959EB5 /* AWSPinpointAnalyticsPlugin */; };
		994BE7142C01483D00959EB5 /* AWSPinpointPushNotificationsPlugin in Frameworks */ = {isa = PBXBuildFile; productRef = 994BE7132C01483D00959EB5 /* AWSPinpointPushNotificationsPlugin */; };
		994BE7162C01483D00959EB5 /* AWSPluginsCore in Frameworks */ = {isa = PBXBuildFile; productRef = 994BE7152C01483D00959EB5 /* AWSPluginsCore */; };
		994BE7182C01483D00959EB5 /* AWSPredictionsPlugin in Frameworks */ = {isa = PBXBuildFile; productRef = 994BE7172C01483D00959EB5 /* AWSPredictionsPlugin */; };
		994BE71A2C01483D00959EB5 /* AWSS3StoragePlugin in Frameworks */ = {isa = PBXBuildFile; productRef = 994BE7192C01483D00959EB5 /* AWSS3StoragePlugin */; };
		994BE71C2C01483D00959EB5 /* Amplify in Frameworks */ = {isa = PBXBuildFile; productRef = 994BE71B2C01483D00959EB5 /* Amplify */; };
		994BE71E2C01483D00959EB5 /* CoreMLPredictionsPlugin in Frameworks */ = {isa = PBXBuildFile; productRef = 994BE71D2C01483D00959EB5 /* CoreMLPredictionsPlugin */; };
		994E7DB12C02643D00BAD9E0 /* LoginView.swift in Sources */ = {isa = PBXBuildFile; fileRef = 994E7DB02C02643D00BAD9E0 /* LoginView.swift */; };
		994E7DB32C02665300BAD9E0 /* KeyboardResponder.swift in Sources */ = {isa = PBXBuildFile; fileRef = 994E7DB22C02665300BAD9E0 /* KeyboardResponder.swift */; };
		994E7DB52C0266A000BAD9E0 /* RegisterView.swift in Sources */ = {isa = PBXBuildFile; fileRef = 994E7DB42C0266A000BAD9E0 /* RegisterView.swift */; };
		994E7DB72C026A1D00BAD9E0 /* AuthStateObserver.swift in Sources */ = {isa = PBXBuildFile; fileRef = 994E7DB62C026A1D00BAD9E0 /* AuthStateObserver.swift */; };
		994E7DB92C026BE500BAD9E0 /* AuthCheckView.swift in Sources */ = {isa = PBXBuildFile; fileRef = 994E7DB82C026BE400BAD9E0 /* AuthCheckView.swift */; };
		994E7DBB2C026BFE00BAD9E0 /* SplashScreenView.swift in Sources */ = {isa = PBXBuildFile; fileRef = 994E7DBA2C026BFE00BAD9E0 /* SplashScreenView.swift */; };
		994E7DBD2C028F5B00BAD9E0 /* ConfirmationCodeView.swift in Sources */ = {isa = PBXBuildFile; fileRef = 994E7DBC2C028F5B00BAD9E0 /* ConfirmationCodeView.swift */; };
		994E7DC12C02950000BAD9E0 /* WorkoutCard.swift in Sources */ = {isa = PBXBuildFile; fileRef = 994E7DC02C02950000BAD9E0 /* WorkoutCard.swift */; };
		994E7DC32C02955300BAD9E0 /* Workout.swift in Sources */ = {isa = PBXBuildFile; fileRef = 994E7DC22C02955300BAD9E0 /* Workout.swift */; };
		994E7DC52C03AC3E00BAD9E0 /* DatabaseManager.swift in Sources */ = {isa = PBXBuildFile; fileRef = 994E7DC42C03AC3E00BAD9E0 /* DatabaseManager.swift */; };
		994E7DC72C03DE5400BAD9E0 /* PascalCaseCodingKey.swift in Sources */ = {isa = PBXBuildFile; fileRef = 994E7DC62C03DE5400BAD9E0 /* PascalCaseCodingKey.swift */; };
		994E7DC92C03DF5C00BAD9E0 /* ProgramView.swift in Sources */ = {isa = PBXBuildFile; fileRef = 994E7DC82C03DF5C00BAD9E0 /* ProgramView.swift */; };
		994E7DCB2C05289F00BAD9E0 /* Program.swift in Sources */ = {isa = PBXBuildFile; fileRef = 994E7DCA2C05289F00BAD9E0 /* Program.swift */; };
		994E7DCF2C0551FE00BAD9E0 /* ProgramListWidget.swift in Sources */ = {isa = PBXBuildFile; fileRef = 994E7DCE2C0551FE00BAD9E0 /* ProgramListWidget.swift */; };
		99569FC52C34CD06001DFCB8 /* JoinProgramWidget.swift in Sources */ = {isa = PBXBuildFile; fileRef = 99569FC42C34CD06001DFCB8 /* JoinProgramWidget.swift */; };
		995B94B92C596EEF007AECF0 /* TimeSpentWidget.swift in Sources */ = {isa = PBXBuildFile; fileRef = 995B94B82C596EEF007AECF0 /* TimeSpentWidget.swift */; };
		995B94BB2C596F0B007AECF0 /* TimeData.swift in Sources */ = {isa = PBXBuildFile; fileRef = 995B94BA2C596F0B007AECF0 /* TimeData.swift */; };
		995B94BD2C5986F3007AECF0 /* PastProgramsView.swift in Sources */ = {isa = PBXBuildFile; fileRef = 995B94BC2C5986F3007AECF0 /* PastProgramsView.swift */; };
		996919122C1CD12D00C0F664 /* ExerciseLibraryExercise.swift in Sources */ = {isa = PBXBuildFile; fileRef = 996919112C1CD12D00C0F664 /* ExerciseLibraryExercise.swift */; };
		997328EB2C57EDA6007708A9 /* ProgramPageTypes.swift in Sources */ = {isa = PBXBuildFile; fileRef = 997328EA2C57EDA6007708A9 /* ProgramPageTypes.swift */; };
		998475182BFC18F200295C6E /* AuthenticationManager.swift in Sources */ = {isa = PBXBuildFile; fileRef = 998475172BFC18F200295C6E /* AuthenticationManager.swift */; };
		9984753D2BFC315F00295C6E /* StorageManager.swift in Sources */ = {isa = PBXBuildFile; fileRef = 9984753C2BFC315F00295C6E /* StorageManager.swift */; };
		998ADA6A2C56FA28008C2795 /* ConfirmLeaveProgramWidget.swift in Sources */ = {isa = PBXBuildFile; fileRef = 998ADA692C56FA28008C2795 /* ConfirmLeaveProgramWidget.swift */; };
		998DA0152C1A18940078E882 /* ViewModifiers.swift in Sources */ = {isa = PBXBuildFile; fileRef = 998DA0142C1A18940078E882 /* ViewModifiers.swift */; };
		998DA0172C1A34840078E882 /* ChatView.swift in Sources */ = {isa = PBXBuildFile; fileRef = 998DA0162C1A34840078E882 /* ChatView.swift */; };
		999F70652C06C80300B35A78 /* WorkoutView.swift in Sources */ = {isa = PBXBuildFile; fileRef = 999F70642C06C80300B35A78 /* WorkoutView.swift */; };
		999F706C2C0E71E000B35A78 /* WorkoutExitWarningView.swift in Sources */ = {isa = PBXBuildFile; fileRef = 999F706B2C0E71E000B35A78 /* WorkoutExitWarningView.swift */; };
		999F706E2C0EB08600B35A78 /* MetricsView.swift in Sources */ = {isa = PBXBuildFile; fileRef = 999F706D2C0EB08600B35A78 /* MetricsView.swift */; };
		999F70722C0EB4D400B35A78 /* AchievementWidget.swift in Sources */ = {isa = PBXBuildFile; fileRef = 999F70712C0EB4D400B35A78 /* AchievementWidget.swift */; };
		999F70742C0F59EA00B35A78 /* StatisticsWidget.swift in Sources */ = {isa = PBXBuildFile; fileRef = 999F70732C0F59EA00B35A78 /* StatisticsWidget.swift */; };
		999F70762C0F6D9C00B35A78 /* Double.swift in Sources */ = {isa = PBXBuildFile; fileRef = 999F70752C0F6D9C00B35A78 /* Double.swift */; };
		999F70782C0FA57500B35A78 /* CommunityView.swift in Sources */ = {isa = PBXBuildFile; fileRef = 999F70772C0FA57500B35A78 /* CommunityView.swift */; };
		99A67EEA2BF451F0002DC3DC /* HomeView.swift in Sources */ = {isa = PBXBuildFile; fileRef = 99A67EE92BF451EF002DC3DC /* HomeView.swift */; };
		99A67EF92BF45251002DC3DC /* Sailec Bold.ttf in Resources */ = {isa = PBXBuildFile; fileRef = 99A67EEE2BF45250002DC3DC /* Sailec Bold.ttf */; };
		99A67EFA2BF45251002DC3DC /* times new roman bold italic.ttf in Resources */ = {isa = PBXBuildFile; fileRef = 99A67EEF2BF45250002DC3DC /* times new roman bold italic.ttf */; };
		99A67EFB2BF45251002DC3DC /* times new roman.ttf in Resources */ = {isa = PBXBuildFile; fileRef = 99A67EF02BF45250002DC3DC /* times new roman.ttf */; };
		99A67EFC2BF45251002DC3DC /* EtruscoNowCondensed Bold.ttf in Resources */ = {isa = PBXBuildFile; fileRef = 99A67EF12BF45250002DC3DC /* EtruscoNowCondensed Bold.ttf */; };
		99A67EFD2BF45251002DC3DC /* EtruscoNow Medium.ttf in Resources */ = {isa = PBXBuildFile; fileRef = 99A67EF22BF45250002DC3DC /* EtruscoNow Medium.ttf */; };
		99A67EFE2BF45251002DC3DC /* Sailec Light.ttf in Resources */ = {isa = PBXBuildFile; fileRef = 99A67EF32BF45250002DC3DC /* Sailec Light.ttf */; };
		99A67EFF2BF45251002DC3DC /* Sailec Thin.ttf in Resources */ = {isa = PBXBuildFile; fileRef = 99A67EF42BF45250002DC3DC /* Sailec Thin.ttf */; };
		99A67F002BF45251002DC3DC /* times new roman bold.ttf in Resources */ = {isa = PBXBuildFile; fileRef = 99A67EF52BF45250002DC3DC /* times new roman bold.ttf */; };
		99A67F012BF45251002DC3DC /* times new roman italic.ttf in Resources */ = {isa = PBXBuildFile; fileRef = 99A67EF62BF45250002DC3DC /* times new roman italic.ttf */; };
		99A67F022BF45251002DC3DC /* Sailec Medium.ttf in Resources */ = {isa = PBXBuildFile; fileRef = 99A67EF72BF45250002DC3DC /* Sailec Medium.ttf */; };
		99A67F032BF45251002DC3DC /* Sailec Regular Italic.ttf in Resources */ = {isa = PBXBuildFile; fileRef = 99A67EF82BF45251002DC3DC /* Sailec Regular Italic.ttf */; };
		99A67F062BF456A7002DC3DC /* PagesHolderView.swift in Sources */ = {isa = PBXBuildFile; fileRef = 99A67F052BF456A7002DC3DC /* PagesHolderView.swift */; };
		99A67F092BF55EFE002DC3DC /* PageType.swift in Sources */ = {isa = PBXBuildFile; fileRef = 99A67F082BF55EFE002DC3DC /* PageType.swift */; };
		99B627482C38561D00482E3B /* WorkoutManager.swift in Sources */ = {isa = PBXBuildFile; fileRef = 99B627472C38561D00482E3B /* WorkoutManager.swift */; };
		99B6274A2C38871600482E3B /* ExerciseDataRepWidgetModel.swift in Sources */ = {isa = PBXBuildFile; fileRef = 99B627492C38871600482E3B /* ExerciseDataRepWidgetModel.swift */; };
		99B6274C2C388D4700482E3B /* ExerciseDataSetWidget.swift in Sources */ = {isa = PBXBuildFile; fileRef = 99B6274B2C388D4700482E3B /* ExerciseDataSetWidget.swift */; };
		99CFAAE62BEB075500EFF67E /* LevelUpFitnessApp.swift in Sources */ = {isa = PBXBuildFile; fileRef = 99CFAAE52BEB075500EFF67E /* LevelUpFitnessApp.swift */; };
		99CFAAE82BEB075500EFF67E /* ContentView.swift in Sources */ = {isa = PBXBuildFile; fileRef = 99CFAAE72BEB075500EFF67E /* ContentView.swift */; };
		99CFAAEA2BEB075700EFF67E /* Assets.xcassets in Resources */ = {isa = PBXBuildFile; fileRef = 99CFAAE92BEB075700EFF67E /* Assets.xcassets */; };
		99CFAAED2BEB075700EFF67E /* Preview Assets.xcassets in Resources */ = {isa = PBXBuildFile; fileRef = 99CFAAEC2BEB075700EFF67E /* Preview Assets.xcassets */; };
		99DD3D502C1CD99D006C07B3 /* ExerciseLibraryExerciseDownloaded.swift in Sources */ = {isa = PBXBuildFile; fileRef = 99DD3D4F2C1CD99D006C07B3 /* ExerciseLibraryExerciseDownloaded.swift */; };
		99DD3D522C1D0839006C07B3 /* ExerciseLibraryExerciseWidget.swift in Sources */ = {isa = PBXBuildFile; fileRef = 99DD3D512C1D0839006C07B3 /* ExerciseLibraryExerciseWidget.swift */; };
		99DD3D542C1D0871006C07B3 /* FullPageVideoView.swift in Sources */ = {isa = PBXBuildFile; fileRef = 99DD3D532C1D0871006C07B3 /* FullPageVideoView.swift */; };
		99EEC6132C3201780044F906 /* LevelUpBar.swift in Sources */ = {isa = PBXBuildFile; fileRef = 99EEC6122C3201780044F906 /* LevelUpBar.swift */; };
		99EEC6152C320FC30044F906 /* FitnessOptionType.swift in Sources */ = {isa = PBXBuildFile; fileRef = 99EEC6142C320FC30044F906 /* FitnessOptionType.swift */; };
		99EEC6182C32F37A0044F906 /* SizePreferanceKey.swift in Sources */ = {isa = PBXBuildFile; fileRef = 99EEC6172C32F37A0044F906 /* SizePreferanceKey.swift */; };
		99EEC61C2C33905B0044F906 /* ProgramListHomePreview.swift in Sources */ = {isa = PBXBuildFile; fileRef = 99EEC61B2C33905B0044F906 /* ProgramListHomePreview.swift */; };
		99F71F9F2C023A3D00E27B60 /* UsageTimeView.swift in Sources */ = {isa = PBXBuildFile; fileRef = 99F71F9E2C023A3D00E27B60 /* UsageTimeView.swift */; };
		E244B057B6BA41AE81672440 /* amplifyconfiguration.json in Resources */ = {isa = PBXBuildFile; fileRef = 4CBA503DE7750582F847DD00 /* amplifyconfiguration.json */; };
/* End PBXBuildFile section */

/* Begin PBXFileReference section */
		4CBA503DE7750582F847DD00 /* amplifyconfiguration.json */ = {isa = PBXFileReference; explicitFileType = text.json; path = amplifyconfiguration.json; sourceTree = "<group>"; };
		991F8FD92C13EB3900A134A5 /* HealthManager.swift */ = {isa = PBXFileReference; lastKnownFileType = sourcecode.swift; path = HealthManager.swift; sourceTree = "<group>"; };
		991F8FDF2C15274000A134A5 /* StatisticsManager.swift */ = {isa = PBXFileReference; lastKnownFileType = sourcecode.swift; path = StatisticsManager.swift; sourceTree = "<group>"; };
		991F8FE12C15278500A134A5 /* Extensions.swift */ = {isa = PBXFileReference; lastKnownFileType = sourcecode.swift; path = Extensions.swift; sourceTree = "<group>"; };
		991F8FE32C1527A900A134A5 /* ProgramStatisticsView.swift */ = {isa = PBXFileReference; lastKnownFileType = sourcecode.swift; path = ProgramStatisticsView.swift; sourceTree = "<group>"; };
		991F8FE52C154F5200A134A5 /* DayCompletion.swift */ = {isa = PBXFileReference; lastKnownFileType = sourcecode.swift; path = DayCompletion.swift; sourceTree = "<group>"; };
		991F8FE72C1680A800A134A5 /* ProgramDBRepresentation.swift */ = {isa = PBXFileReference; lastKnownFileType = sourcecode.swift; path = ProgramDBRepresentation.swift; sourceTree = "<group>"; };
		991F8FE92C17841300A134A5 /* BadgeManager.swift */ = {isa = PBXFileReference; lastKnownFileType = sourcecode.swift; path = BadgeManager.swift; sourceTree = "<group>"; };
		991F8FEB2C17844400A134A5 /* Badge.swift */ = {isa = PBXFileReference; lastKnownFileType = sourcecode.swift; path = Badge.swift; sourceTree = "<group>"; };
		991F8FED2C17852900A134A5 /* UserBadgeInfo.swift */ = {isa = PBXFileReference; lastKnownFileType = sourcecode.swift; path = UserBadgeInfo.swift; sourceTree = "<group>"; };
		991F8FF12C18D0A100A134A5 /* LibraryView.swift */ = {isa = PBXFileReference; lastKnownFileType = sourcecode.swift; path = LibraryView.swift; sourceTree = "<group>"; };
		991F8FF32C18DF9400A134A5 /* WeightProgressTracker.swift */ = {isa = PBXFileReference; lastKnownFileType = sourcecode.swift; path = WeightProgressTracker.swift; sourceTree = "<group>"; };
		993871A52C3A1CBF00FFAF8A /* LevelWidget.swift */ = {isa = PBXFileReference; lastKnownFileType = sourcecode.swift; path = LevelWidget.swift; sourceTree = "<group>"; };
		993871A72C3A242700FFAF8A /* LevelCircularProgressView.swift */ = {isa = PBXFileReference; lastKnownFileType = sourcecode.swift; path = LevelCircularProgressView.swift; sourceTree = "<group>"; };
		993871A92C3A25D600FFAF8A /* SubLevelCircularWidget.swift */ = {isa = PBXFileReference; lastKnownFileType = sourcecode.swift; path = SubLevelCircularWidget.swift; sourceTree = "<group>"; };
		993871AB2C3A385700FFAF8A /* DailyTargetView.swift */ = {isa = PBXFileReference; lastKnownFileType = sourcecode.swift; path = DailyTargetView.swift; sourceTree = "<group>"; };
		993DF23E2C38AFEF00BBC1BF /* SetStatWidget.swift */ = {isa = PBXFileReference; lastKnownFileType = sourcecode.swift; path = SetStatWidget.swift; sourceTree = "<group>"; };
		993DF2402C397C5C00BBC1BF /* SetCounterWidget.swift */ = {isa = PBXFileReference; lastKnownFileType = sourcecode.swift; path = SetCounterWidget.swift; sourceTree = "<group>"; };
		9945E0B92C39A15E00EA19D2 /* XPManager.swift */ = {isa = PBXFileReference; lastKnownFileType = sourcecode.swift; path = XPManager.swift; sourceTree = "<group>"; };
		9945E0BB2C39A19300EA19D2 /* XPData.swift */ = {isa = PBXFileReference; lastKnownFileType = sourcecode.swift; path = XPData.swift; sourceTree = "<group>"; };
		994E7DB02C02643D00BAD9E0 /* LoginView.swift */ = {isa = PBXFileReference; lastKnownFileType = sourcecode.swift; path = LoginView.swift; sourceTree = "<group>"; };
		994E7DB22C02665300BAD9E0 /* KeyboardResponder.swift */ = {isa = PBXFileReference; lastKnownFileType = sourcecode.swift; path = KeyboardResponder.swift; sourceTree = "<group>"; };
		994E7DB42C0266A000BAD9E0 /* RegisterView.swift */ = {isa = PBXFileReference; lastKnownFileType = sourcecode.swift; path = RegisterView.swift; sourceTree = "<group>"; };
		994E7DB62C026A1D00BAD9E0 /* AuthStateObserver.swift */ = {isa = PBXFileReference; lastKnownFileType = sourcecode.swift; path = AuthStateObserver.swift; sourceTree = "<group>"; };
		994E7DB82C026BE400BAD9E0 /* AuthCheckView.swift */ = {isa = PBXFileReference; lastKnownFileType = sourcecode.swift; path = AuthCheckView.swift; sourceTree = "<group>"; };
		994E7DBA2C026BFE00BAD9E0 /* SplashScreenView.swift */ = {isa = PBXFileReference; lastKnownFileType = sourcecode.swift; path = SplashScreenView.swift; sourceTree = "<group>"; };
		994E7DBC2C028F5B00BAD9E0 /* ConfirmationCodeView.swift */ = {isa = PBXFileReference; lastKnownFileType = sourcecode.swift; path = ConfirmationCodeView.swift; sourceTree = "<group>"; };
		994E7DC02C02950000BAD9E0 /* WorkoutCard.swift */ = {isa = PBXFileReference; lastKnownFileType = sourcecode.swift; path = WorkoutCard.swift; sourceTree = "<group>"; };
		994E7DC22C02955300BAD9E0 /* Workout.swift */ = {isa = PBXFileReference; lastKnownFileType = sourcecode.swift; path = Workout.swift; sourceTree = "<group>"; };
		994E7DC42C03AC3E00BAD9E0 /* DatabaseManager.swift */ = {isa = PBXFileReference; lastKnownFileType = sourcecode.swift; path = DatabaseManager.swift; sourceTree = "<group>"; };
		994E7DC62C03DE5400BAD9E0 /* PascalCaseCodingKey.swift */ = {isa = PBXFileReference; lastKnownFileType = sourcecode.swift; path = PascalCaseCodingKey.swift; sourceTree = "<group>"; };
		994E7DC82C03DF5C00BAD9E0 /* ProgramView.swift */ = {isa = PBXFileReference; lastKnownFileType = sourcecode.swift; path = ProgramView.swift; sourceTree = "<group>"; };
		994E7DCA2C05289F00BAD9E0 /* Program.swift */ = {isa = PBXFileReference; lastKnownFileType = sourcecode.swift; path = Program.swift; sourceTree = "<group>"; };
		994E7DCE2C0551FE00BAD9E0 /* ProgramListWidget.swift */ = {isa = PBXFileReference; lastKnownFileType = sourcecode.swift; path = ProgramListWidget.swift; sourceTree = "<group>"; };
		99569FC42C34CD06001DFCB8 /* JoinProgramWidget.swift */ = {isa = PBXFileReference; lastKnownFileType = sourcecode.swift; path = JoinProgramWidget.swift; sourceTree = "<group>"; };
		995B94B82C596EEF007AECF0 /* TimeSpentWidget.swift */ = {isa = PBXFileReference; lastKnownFileType = sourcecode.swift; path = TimeSpentWidget.swift; sourceTree = "<group>"; };
		995B94BA2C596F0B007AECF0 /* TimeData.swift */ = {isa = PBXFileReference; lastKnownFileType = sourcecode.swift; path = TimeData.swift; sourceTree = "<group>"; };
		995B94BC2C5986F3007AECF0 /* PastProgramsView.swift */ = {isa = PBXFileReference; lastKnownFileType = sourcecode.swift; path = PastProgramsView.swift; sourceTree = "<group>"; };
		996919112C1CD12D00C0F664 /* ExerciseLibraryExercise.swift */ = {isa = PBXFileReference; lastKnownFileType = sourcecode.swift; path = ExerciseLibraryExercise.swift; sourceTree = "<group>"; };
		997328EA2C57EDA6007708A9 /* ProgramPageTypes.swift */ = {isa = PBXFileReference; lastKnownFileType = sourcecode.swift; path = ProgramPageTypes.swift; sourceTree = "<group>"; };
		998475172BFC18F200295C6E /* AuthenticationManager.swift */ = {isa = PBXFileReference; lastKnownFileType = sourcecode.swift; path = AuthenticationManager.swift; sourceTree = "<group>"; };
		9984753C2BFC315F00295C6E /* StorageManager.swift */ = {isa = PBXFileReference; lastKnownFileType = sourcecode.swift; path = StorageManager.swift; sourceTree = "<group>"; };
		998ADA692C56FA28008C2795 /* ConfirmLeaveProgramWidget.swift */ = {isa = PBXFileReference; lastKnownFileType = sourcecode.swift; path = ConfirmLeaveProgramWidget.swift; sourceTree = "<group>"; };
		998DA0142C1A18940078E882 /* ViewModifiers.swift */ = {isa = PBXFileReference; lastKnownFileType = sourcecode.swift; path = ViewModifiers.swift; sourceTree = "<group>"; };
		998DA0162C1A34840078E882 /* ChatView.swift */ = {isa = PBXFileReference; lastKnownFileType = sourcecode.swift; path = ChatView.swift; sourceTree = "<group>"; };
		999F70642C06C80300B35A78 /* WorkoutView.swift */ = {isa = PBXFileReference; lastKnownFileType = sourcecode.swift; path = WorkoutView.swift; sourceTree = "<group>"; };
		999F706B2C0E71E000B35A78 /* WorkoutExitWarningView.swift */ = {isa = PBXFileReference; lastKnownFileType = sourcecode.swift; path = WorkoutExitWarningView.swift; sourceTree = "<group>"; };
		999F706D2C0EB08600B35A78 /* MetricsView.swift */ = {isa = PBXFileReference; lastKnownFileType = sourcecode.swift; path = MetricsView.swift; sourceTree = "<group>"; };
		999F70712C0EB4D400B35A78 /* AchievementWidget.swift */ = {isa = PBXFileReference; lastKnownFileType = sourcecode.swift; path = AchievementWidget.swift; sourceTree = "<group>"; };
		999F70732C0F59EA00B35A78 /* StatisticsWidget.swift */ = {isa = PBXFileReference; lastKnownFileType = sourcecode.swift; path = StatisticsWidget.swift; sourceTree = "<group>"; };
		999F70752C0F6D9C00B35A78 /* Double.swift */ = {isa = PBXFileReference; lastKnownFileType = sourcecode.swift; path = Double.swift; sourceTree = "<group>"; };
		999F70772C0FA57500B35A78 /* CommunityView.swift */ = {isa = PBXFileReference; lastKnownFileType = sourcecode.swift; path = CommunityView.swift; sourceTree = "<group>"; };
		99A67EE92BF451EF002DC3DC /* HomeView.swift */ = {isa = PBXFileReference; lastKnownFileType = sourcecode.swift; path = HomeView.swift; sourceTree = "<group>"; };
		99A67EEE2BF45250002DC3DC /* Sailec Bold.ttf */ = {isa = PBXFileReference; lastKnownFileType = file; path = "Sailec Bold.ttf"; sourceTree = "<group>"; };
		99A67EEF2BF45250002DC3DC /* times new roman bold italic.ttf */ = {isa = PBXFileReference; lastKnownFileType = file; path = "times new roman bold italic.ttf"; sourceTree = "<group>"; };
		99A67EF02BF45250002DC3DC /* times new roman.ttf */ = {isa = PBXFileReference; lastKnownFileType = file; path = "times new roman.ttf"; sourceTree = "<group>"; };
		99A67EF12BF45250002DC3DC /* EtruscoNowCondensed Bold.ttf */ = {isa = PBXFileReference; lastKnownFileType = file; path = "EtruscoNowCondensed Bold.ttf"; sourceTree = "<group>"; };
		99A67EF22BF45250002DC3DC /* EtruscoNow Medium.ttf */ = {isa = PBXFileReference; lastKnownFileType = file; path = "EtruscoNow Medium.ttf"; sourceTree = "<group>"; };
		99A67EF32BF45250002DC3DC /* Sailec Light.ttf */ = {isa = PBXFileReference; lastKnownFileType = file; path = "Sailec Light.ttf"; sourceTree = "<group>"; };
		99A67EF42BF45250002DC3DC /* Sailec Thin.ttf */ = {isa = PBXFileReference; lastKnownFileType = file; path = "Sailec Thin.ttf"; sourceTree = "<group>"; };
		99A67EF52BF45250002DC3DC /* times new roman bold.ttf */ = {isa = PBXFileReference; lastKnownFileType = file; path = "times new roman bold.ttf"; sourceTree = "<group>"; };
		99A67EF62BF45250002DC3DC /* times new roman italic.ttf */ = {isa = PBXFileReference; lastKnownFileType = file; path = "times new roman italic.ttf"; sourceTree = "<group>"; };
		99A67EF72BF45250002DC3DC /* Sailec Medium.ttf */ = {isa = PBXFileReference; lastKnownFileType = file; path = "Sailec Medium.ttf"; sourceTree = "<group>"; };
		99A67EF82BF45251002DC3DC /* Sailec Regular Italic.ttf */ = {isa = PBXFileReference; lastKnownFileType = file; path = "Sailec Regular Italic.ttf"; sourceTree = "<group>"; };
		99A67F042BF4525B002DC3DC /* Info.plist */ = {isa = PBXFileReference; lastKnownFileType = text.plist; path = Info.plist; sourceTree = "<group>"; };
		99A67F052BF456A7002DC3DC /* PagesHolderView.swift */ = {isa = PBXFileReference; lastKnownFileType = sourcecode.swift; path = PagesHolderView.swift; sourceTree = "<group>"; };
		99A67F082BF55EFE002DC3DC /* PageType.swift */ = {isa = PBXFileReference; lastKnownFileType = sourcecode.swift; path = PageType.swift; sourceTree = "<group>"; };
		99B627472C38561D00482E3B /* WorkoutManager.swift */ = {isa = PBXFileReference; lastKnownFileType = sourcecode.swift; path = WorkoutManager.swift; sourceTree = "<group>"; };
		99B627492C38871600482E3B /* ExerciseDataRepWidgetModel.swift */ = {isa = PBXFileReference; lastKnownFileType = sourcecode.swift; path = ExerciseDataRepWidgetModel.swift; sourceTree = "<group>"; };
		99B6274B2C388D4700482E3B /* ExerciseDataSetWidget.swift */ = {isa = PBXFileReference; lastKnownFileType = sourcecode.swift; path = ExerciseDataSetWidget.swift; sourceTree = "<group>"; };
		99CFAAE22BEB075500EFF67E /* LevelUpFitness.app */ = {isa = PBXFileReference; explicitFileType = wrapper.application; includeInIndex = 0; path = LevelUpFitness.app; sourceTree = BUILT_PRODUCTS_DIR; };
		99CFAAE52BEB075500EFF67E /* LevelUpFitnessApp.swift */ = {isa = PBXFileReference; lastKnownFileType = sourcecode.swift; path = LevelUpFitnessApp.swift; sourceTree = "<group>"; };
		99CFAAE72BEB075500EFF67E /* ContentView.swift */ = {isa = PBXFileReference; lastKnownFileType = sourcecode.swift; path = ContentView.swift; sourceTree = "<group>"; };
		99CFAAE92BEB075700EFF67E /* Assets.xcassets */ = {isa = PBXFileReference; lastKnownFileType = folder.assetcatalog; path = Assets.xcassets; sourceTree = "<group>"; };
		99CFAAEC2BEB075700EFF67E /* Preview Assets.xcassets */ = {isa = PBXFileReference; lastKnownFileType = folder.assetcatalog; path = "Preview Assets.xcassets"; sourceTree = "<group>"; };
		99DD3D4F2C1CD99D006C07B3 /* ExerciseLibraryExerciseDownloaded.swift */ = {isa = PBXFileReference; lastKnownFileType = sourcecode.swift; path = ExerciseLibraryExerciseDownloaded.swift; sourceTree = "<group>"; };
		99DD3D512C1D0839006C07B3 /* ExerciseLibraryExerciseWidget.swift */ = {isa = PBXFileReference; lastKnownFileType = sourcecode.swift; path = ExerciseLibraryExerciseWidget.swift; sourceTree = "<group>"; };
		99DD3D532C1D0871006C07B3 /* FullPageVideoView.swift */ = {isa = PBXFileReference; lastKnownFileType = sourcecode.swift; path = FullPageVideoView.swift; sourceTree = "<group>"; };
		99EEC6122C3201780044F906 /* LevelUpBar.swift */ = {isa = PBXFileReference; lastKnownFileType = sourcecode.swift; path = LevelUpBar.swift; sourceTree = "<group>"; };
		99EEC6142C320FC30044F906 /* FitnessOptionType.swift */ = {isa = PBXFileReference; lastKnownFileType = sourcecode.swift; path = FitnessOptionType.swift; sourceTree = "<group>"; };
		99EEC6172C32F37A0044F906 /* SizePreferanceKey.swift */ = {isa = PBXFileReference; lastKnownFileType = sourcecode.swift; path = SizePreferanceKey.swift; sourceTree = "<group>"; };
		99EEC61B2C33905B0044F906 /* ProgramListHomePreview.swift */ = {isa = PBXFileReference; lastKnownFileType = sourcecode.swift; path = ProgramListHomePreview.swift; sourceTree = "<group>"; };
		99F71F9E2C023A3D00E27B60 /* UsageTimeView.swift */ = {isa = PBXFileReference; lastKnownFileType = sourcecode.swift; path = UsageTimeView.swift; sourceTree = "<group>"; };
		C9EF97A8E6FAD1E27A905BF3 /* awsconfiguration.json */ = {isa = PBXFileReference; explicitFileType = text.json; path = awsconfiguration.json; sourceTree = "<group>"; };
/* End PBXFileReference section */

/* Begin PBXFrameworksBuildPhase section */
		99CFAADF2BEB075500EFF67E /* Frameworks */ = {
			isa = PBXFrameworksBuildPhase;
			buildActionMask = 2147483647;
			files = (
				994BE7082C01483D00959EB5 /* AWSAPIPlugin in Frameworks */,
				994BE7122C01483D00959EB5 /* AWSPinpointAnalyticsPlugin in Frameworks */,
				994BE7102C01483D00959EB5 /* AWSLocationGeoPlugin in Frameworks */,
				994BE70A2C01483D00959EB5 /* AWSCloudWatchLoggingPlugin in Frameworks */,
				994BE71C2C01483D00959EB5 /* Amplify in Frameworks */,
				994BE7182C01483D00959EB5 /* AWSPredictionsPlugin in Frameworks */,
				994BE71A2C01483D00959EB5 /* AWSS3StoragePlugin in Frameworks */,
				994BE7162C01483D00959EB5 /* AWSPluginsCore in Frameworks */,
				994BE71E2C01483D00959EB5 /* CoreMLPredictionsPlugin in Frameworks */,
				994BE70C2C01483D00959EB5 /* AWSCognitoAuthPlugin in Frameworks */,
				994BE7142C01483D00959EB5 /* AWSPinpointPushNotificationsPlugin in Frameworks */,
				994BE70E2C01483D00959EB5 /* AWSDataStorePlugin in Frameworks */,
			);
			runOnlyForDeploymentPostprocessing = 0;
		};
/* End PBXFrameworksBuildPhase section */

/* Begin PBXGroup section */
		996E6AC52C0023A9000720FC /* Frameworks */ = {
			isa = PBXGroup;
			children = (
			);
			name = Frameworks;
			sourceTree = "<group>";
		};
		999F70682C096AA600B35A78 /* ViewModels */ = {
			isa = PBXGroup;
			children = (
			);
			path = ViewModels;
			sourceTree = "<group>";
		};
		99A67EE82BF451E3002DC3DC /* Managers */ = {
			isa = PBXGroup;
			children = (
				998475172BFC18F200295C6E /* AuthenticationManager.swift */,
				9984753C2BFC315F00295C6E /* StorageManager.swift */,
				994E7DB22C02665300BAD9E0 /* KeyboardResponder.swift */,
				994E7DB62C026A1D00BAD9E0 /* AuthStateObserver.swift */,
				994E7DC42C03AC3E00BAD9E0 /* DatabaseManager.swift */,
				991F8FD92C13EB3900A134A5 /* HealthManager.swift */,
				991F8FDF2C15274000A134A5 /* StatisticsManager.swift */,
				991F8FE92C17841300A134A5 /* BadgeManager.swift */,
				9945E0B92C39A15E00EA19D2 /* XPManager.swift */,
				99B627472C38561D00482E3B /* WorkoutManager.swift */,
			);
			path = Managers;
			sourceTree = "<group>";
		};
		99A67EEB2BF451F4002DC3DC /* Views */ = {
			isa = PBXGroup;
			children = (
				99A67EE92BF451EF002DC3DC /* HomeView.swift */,
				994E7DC82C03DF5C00BAD9E0 /* ProgramView.swift */,
				999F70642C06C80300B35A78 /* WorkoutView.swift */,
				991F8FF12C18D0A100A134A5 /* LibraryView.swift */,
				99B6274B2C388D4700482E3B /* ExerciseDataSetWidget.swift */,
				993DF2402C397C5C00BBC1BF /* SetCounterWidget.swift */,
				993DF23E2C38AFEF00BBC1BF /* SetStatWidget.swift */,
				991F8FE32C1527A900A134A5 /* ProgramStatisticsView.swift */,
				994E7DCE2C0551FE00BAD9E0 /* ProgramListWidget.swift */,
				99A67F052BF456A7002DC3DC /* PagesHolderView.swift */,
				99F71F9E2C023A3D00E27B60 /* UsageTimeView.swift */,
				994E7DB02C02643D00BAD9E0 /* LoginView.swift */,
				994E7DB42C0266A000BAD9E0 /* RegisterView.swift */,
				994E7DB82C026BE400BAD9E0 /* AuthCheckView.swift */,
				994E7DBA2C026BFE00BAD9E0 /* SplashScreenView.swift */,
				994E7DBC2C028F5B00BAD9E0 /* ConfirmationCodeView.swift */,
				994E7DC02C02950000BAD9E0 /* WorkoutCard.swift */,
				999F706B2C0E71E000B35A78 /* WorkoutExitWarningView.swift */,
				999F706D2C0EB08600B35A78 /* MetricsView.swift */,
				999F70732C0F59EA00B35A78 /* StatisticsWidget.swift */,
				999F70772C0FA57500B35A78 /* CommunityView.swift */,
				999F70712C0EB4D400B35A78 /* AchievementWidget.swift */,
				991F8FF32C18DF9400A134A5 /* WeightProgressTracker.swift */,
				998DA0162C1A34840078E882 /* ChatView.swift */,
				99DD3D512C1D0839006C07B3 /* ExerciseLibraryExerciseWidget.swift */,
				99DD3D532C1D0871006C07B3 /* FullPageVideoView.swift */,
				99EEC6122C3201780044F906 /* LevelUpBar.swift */,
				99EEC61B2C33905B0044F906 /* ProgramListHomePreview.swift */,
				99569FC42C34CD06001DFCB8 /* JoinProgramWidget.swift */,
				993871A52C3A1CBF00FFAF8A /* LevelWidget.swift */,
				993871A72C3A242700FFAF8A /* LevelCircularProgressView.swift */,
				993871A92C3A25D600FFAF8A /* SubLevelCircularWidget.swift */,
				993871AB2C3A385700FFAF8A /* DailyTargetView.swift */,
				998ADA692C56FA28008C2795 /* ConfirmLeaveProgramWidget.swift */,
				995B94B82C596EEF007AECF0 /* TimeSpentWidget.swift */,
				995B94BC2C5986F3007AECF0 /* PastProgramsView.swift */,
			);
			path = Views;
			sourceTree = "<group>";
		};
		99A67EEC2BF45206002DC3DC /* Extensions */ = {
			isa = PBXGroup;
			children = (
				999F70752C0F6D9C00B35A78 /* Double.swift */,
				991F8FE12C15278500A134A5 /* Extensions.swift */,
			);
			path = Extensions;
			sourceTree = "<group>";
		};
		99A67EED2BF45211002DC3DC /* Fonts */ = {
			isa = PBXGroup;
			children = (
				99A67EF22BF45250002DC3DC /* EtruscoNow Medium.ttf */,
				99A67EF12BF45250002DC3DC /* EtruscoNowCondensed Bold.ttf */,
				99A67EEE2BF45250002DC3DC /* Sailec Bold.ttf */,
				99A67EF32BF45250002DC3DC /* Sailec Light.ttf */,
				99A67EF72BF45250002DC3DC /* Sailec Medium.ttf */,
				99A67EF82BF45251002DC3DC /* Sailec Regular Italic.ttf */,
				99A67EF42BF45250002DC3DC /* Sailec Thin.ttf */,
				99A67EEF2BF45250002DC3DC /* times new roman bold italic.ttf */,
				99A67EF52BF45250002DC3DC /* times new roman bold.ttf */,
				99A67EF62BF45250002DC3DC /* times new roman italic.ttf */,
				99A67EF02BF45250002DC3DC /* times new roman.ttf */,
			);
			path = Fonts;
			sourceTree = "<group>";
		};
		99A67F072BF55EEF002DC3DC /* Models */ = {
			isa = PBXGroup;
			children = (
				99A67F082BF55EFE002DC3DC /* PageType.swift */,
				994E7DC22C02955300BAD9E0 /* Workout.swift */,
				994E7DC62C03DE5400BAD9E0 /* PascalCaseCodingKey.swift */,
				994E7DCA2C05289F00BAD9E0 /* Program.swift */,
				991F8FE52C154F5200A134A5 /* DayCompletion.swift */,
				991F8FE72C1680A800A134A5 /* ProgramDBRepresentation.swift */,
				991F8FEB2C17844400A134A5 /* Badge.swift */,
				991F8FED2C17852900A134A5 /* UserBadgeInfo.swift */,
				996919112C1CD12D00C0F664 /* ExerciseLibraryExercise.swift */,
				99DD3D4F2C1CD99D006C07B3 /* ExerciseLibraryExerciseDownloaded.swift */,
				99EEC6142C320FC30044F906 /* FitnessOptionType.swift */,
				99B627492C38871600482E3B /* ExerciseDataRepWidgetModel.swift */,
				9945E0BB2C39A19300EA19D2 /* XPData.swift */,
				997328EA2C57EDA6007708A9 /* ProgramPageTypes.swift */,
				995B94BA2C596F0B007AECF0 /* TimeData.swift */,
			);
			path = Models;
			sourceTree = "<group>";
		};
		99CFAAD92BEB075400EFF67E = {
			isa = PBXGroup;
			children = (
				99CFAAE42BEB075500EFF67E /* LevelUpFitness */,
				99CFAAE32BEB075500EFF67E /* Products */,
				996E6AC52C0023A9000720FC /* Frameworks */,
				DD9E74D5C9CEB2157F079D13 /* AmplifyConfig */,
			);
			sourceTree = "<group>";
		};
		99CFAAE32BEB075500EFF67E /* Products */ = {
			isa = PBXGroup;
			children = (
				99CFAAE22BEB075500EFF67E /* LevelUpFitness.app */,
			);
			name = Products;
			sourceTree = "<group>";
		};
		99CFAAE42BEB075500EFF67E /* LevelUpFitness */ = {
			isa = PBXGroup;
			children = (
				99EEC6162C32F3690044F906 /* PreferenceKeys */,
				999F70682C096AA600B35A78 /* ViewModels */,
				99A67F042BF4525B002DC3DC /* Info.plist */,
				99A67EED2BF45211002DC3DC /* Fonts */,
				99A67EEC2BF45206002DC3DC /* Extensions */,
				99A67F072BF55EEF002DC3DC /* Models */,
				99A67EE82BF451E3002DC3DC /* Managers */,
				99A67EEB2BF451F4002DC3DC /* Views */,
				99CFAAE52BEB075500EFF67E /* LevelUpFitnessApp.swift */,
				99CFAAE72BEB075500EFF67E /* ContentView.swift */,
				99CFAAE92BEB075700EFF67E /* Assets.xcassets */,
				99CFAAEB2BEB075700EFF67E /* Preview Content */,
				998DA0142C1A18940078E882 /* ViewModifiers.swift */,
			);
			path = LevelUpFitness;
			sourceTree = "<group>";
		};
		99CFAAEB2BEB075700EFF67E /* Preview Content */ = {
			isa = PBXGroup;
			children = (
				99CFAAEC2BEB075700EFF67E /* Preview Assets.xcassets */,
			);
			path = "Preview Content";
			sourceTree = "<group>";
		};
		99EEC6162C32F3690044F906 /* PreferenceKeys */ = {
			isa = PBXGroup;
			children = (
				99EEC6172C32F37A0044F906 /* SizePreferanceKey.swift */,
			);
			path = PreferenceKeys;
			sourceTree = "<group>";
		};
		DD9E74D5C9CEB2157F079D13 /* AmplifyConfig */ = {
			isa = PBXGroup;
			children = (
				C9EF97A8E6FAD1E27A905BF3 /* awsconfiguration.json */,
				4CBA503DE7750582F847DD00 /* amplifyconfiguration.json */,
			);
			name = AmplifyConfig;
			sourceTree = "<group>";
		};
/* End PBXGroup section */

/* Begin PBXNativeTarget section */
		99CFAAE12BEB075500EFF67E /* LevelUpFitness */ = {
			isa = PBXNativeTarget;
			buildConfigurationList = 99CFAAF02BEB075700EFF67E /* Build configuration list for PBXNativeTarget "LevelUpFitness" */;
			buildPhases = (
				99CFAADE2BEB075500EFF67E /* Sources */,
				99CFAADF2BEB075500EFF67E /* Frameworks */,
				99CFAAE02BEB075500EFF67E /* Resources */,
			);
			buildRules = (
			);
			dependencies = (
			);
			name = LevelUpFitness;
			packageProductDependencies = (
				994BE7072C01483D00959EB5 /* AWSAPIPlugin */,
				994BE7092C01483D00959EB5 /* AWSCloudWatchLoggingPlugin */,
				994BE70B2C01483D00959EB5 /* AWSCognitoAuthPlugin */,
				994BE70D2C01483D00959EB5 /* AWSDataStorePlugin */,
				994BE70F2C01483D00959EB5 /* AWSLocationGeoPlugin */,
				994BE7112C01483D00959EB5 /* AWSPinpointAnalyticsPlugin */,
				994BE7132C01483D00959EB5 /* AWSPinpointPushNotificationsPlugin */,
				994BE7152C01483D00959EB5 /* AWSPluginsCore */,
				994BE7172C01483D00959EB5 /* AWSPredictionsPlugin */,
				994BE7192C01483D00959EB5 /* AWSS3StoragePlugin */,
				994BE71B2C01483D00959EB5 /* Amplify */,
				994BE71D2C01483D00959EB5 /* CoreMLPredictionsPlugin */,
			);
			productName = LevelUpFitness;
			productReference = 99CFAAE22BEB075500EFF67E /* LevelUpFitness.app */;
			productType = "com.apple.product-type.application";
		};
/* End PBXNativeTarget section */

/* Begin PBXProject section */
		99CFAADA2BEB075500EFF67E /* Project object */ = {
			isa = PBXProject;
			attributes = {
				BuildIndependentTargetsInParallel = 1;
				LastSwiftUpdateCheck = 1520;
				LastUpgradeCheck = 1520;
				TargetAttributes = {
					99CFAAE12BEB075500EFF67E = {
						CreatedOnToolsVersion = 15.2;
					};
				};
			};
			buildConfigurationList = 99CFAADD2BEB075500EFF67E /* Build configuration list for PBXProject "LevelUpFitness" */;
			compatibilityVersion = "Xcode 14.0";
			developmentRegion = en;
			hasScannedForEncodings = 0;
			knownRegions = (
				en,
				Base,
			);
			mainGroup = 99CFAAD92BEB075400EFF67E;
			packageReferences = (
				994BE7062C01483D00959EB5 /* XCRemoteSwiftPackageReference "amplify-swift" */,
			);
			productRefGroup = 99CFAAE32BEB075500EFF67E /* Products */;
			projectDirPath = "";
			projectRoot = "";
			targets = (
				99CFAAE12BEB075500EFF67E /* LevelUpFitness */,
			);
		};
/* End PBXProject section */

/* Begin PBXResourcesBuildPhase section */
		99CFAAE02BEB075500EFF67E /* Resources */ = {
			isa = PBXResourcesBuildPhase;
			buildActionMask = 2147483647;
			files = (
				99A67F032BF45251002DC3DC /* Sailec Regular Italic.ttf in Resources */,
				99CFAAED2BEB075700EFF67E /* Preview Assets.xcassets in Resources */,
				99A67EFC2BF45251002DC3DC /* EtruscoNowCondensed Bold.ttf in Resources */,
				99A67F002BF45251002DC3DC /* times new roman bold.ttf in Resources */,
				99A67EFF2BF45251002DC3DC /* Sailec Thin.ttf in Resources */,
				99CFAAEA2BEB075700EFF67E /* Assets.xcassets in Resources */,
				99A67EF92BF45251002DC3DC /* Sailec Bold.ttf in Resources */,
				99A67EFA2BF45251002DC3DC /* times new roman bold italic.ttf in Resources */,
				99A67F022BF45251002DC3DC /* Sailec Medium.ttf in Resources */,
				99A67EFE2BF45251002DC3DC /* Sailec Light.ttf in Resources */,
				99A67EFD2BF45251002DC3DC /* EtruscoNow Medium.ttf in Resources */,
				99A67F012BF45251002DC3DC /* times new roman italic.ttf in Resources */,
				99A67EFB2BF45251002DC3DC /* times new roman.ttf in Resources */,
				0E5CE1C6E0490B7BE5F50F4D /* awsconfiguration.json in Resources */,
				E244B057B6BA41AE81672440 /* amplifyconfiguration.json in Resources */,
			);
			runOnlyForDeploymentPostprocessing = 0;
		};
/* End PBXResourcesBuildPhase section */

/* Begin PBXSourcesBuildPhase section */
		99CFAADE2BEB075500EFF67E /* Sources */ = {
			isa = PBXSourcesBuildPhase;
			buildActionMask = 2147483647;
			files = (
				99B6274C2C388D4700482E3B /* ExerciseDataSetWidget.swift in Sources */,
				99A67EEA2BF451F0002DC3DC /* HomeView.swift in Sources */,
				991F8FEC2C17844400A134A5 /* Badge.swift in Sources */,
				99A67F062BF456A7002DC3DC /* PagesHolderView.swift in Sources */,
				995B94BD2C5986F3007AECF0 /* PastProgramsView.swift in Sources */,
				994E7DBB2C026BFE00BAD9E0 /* SplashScreenView.swift in Sources */,
				99CFAAE82BEB075500EFF67E /* ContentView.swift in Sources */,
				991F8FDA2C13EB3900A134A5 /* HealthManager.swift in Sources */,
				994E7DC32C02955300BAD9E0 /* Workout.swift in Sources */,
				994E7DCB2C05289F00BAD9E0 /* Program.swift in Sources */,
				993871AC2C3A385700FFAF8A /* DailyTargetView.swift in Sources */,
				994E7DBD2C028F5B00BAD9E0 /* ConfirmationCodeView.swift in Sources */,
				99569FC52C34CD06001DFCB8 /* JoinProgramWidget.swift in Sources */,
				99EEC61C2C33905B0044F906 /* ProgramListHomePreview.swift in Sources */,
				999F70782C0FA57500B35A78 /* CommunityView.swift in Sources */,
				994E7DB32C02665300BAD9E0 /* KeyboardResponder.swift in Sources */,
				994E7DC92C03DF5C00BAD9E0 /* ProgramView.swift in Sources */,
				999F706E2C0EB08600B35A78 /* MetricsView.swift in Sources */,
				999F70652C06C80300B35A78 /* WorkoutView.swift in Sources */,
				99EEC6132C3201780044F906 /* LevelUpBar.swift in Sources */,
				993DF23F2C38AFEF00BBC1BF /* SetStatWidget.swift in Sources */,
				991F8FE62C154F5200A134A5 /* DayCompletion.swift in Sources */,
				99B6274A2C38871600482E3B /* ExerciseDataRepWidgetModel.swift in Sources */,
				996919122C1CD12D00C0F664 /* ExerciseLibraryExercise.swift in Sources */,
				999F70742C0F59EA00B35A78 /* StatisticsWidget.swift in Sources */,
				9945E0BC2C39A19300EA19D2 /* XPData.swift in Sources */,
				994E7DC12C02950000BAD9E0 /* WorkoutCard.swift in Sources */,
				995B94B92C596EEF007AECF0 /* TimeSpentWidget.swift in Sources */,
				9984753D2BFC315F00295C6E /* StorageManager.swift in Sources */,
				997328EB2C57EDA6007708A9 /* ProgramPageTypes.swift in Sources */,
				993DF2412C397C5C00BBC1BF /* SetCounterWidget.swift in Sources */,
				993871A82C3A242700FFAF8A /* LevelCircularProgressView.swift in Sources */,
				99EEC6182C32F37A0044F906 /* SizePreferanceKey.swift in Sources */,
				999F70722C0EB4D400B35A78 /* AchievementWidget.swift in Sources */,
				991F8FE82C1680A800A134A5 /* ProgramDBRepresentation.swift in Sources */,
				991F8FF42C18DF9400A134A5 /* WeightProgressTracker.swift in Sources */,
				998475182BFC18F200295C6E /* AuthenticationManager.swift in Sources */,
				991F8FE42C1527A900A134A5 /* ProgramStatisticsView.swift in Sources */,
				991F8FE22C15278500A134A5 /* Extensions.swift in Sources */,
				99F71F9F2C023A3D00E27B60 /* UsageTimeView.swift in Sources */,
				99DD3D542C1D0871006C07B3 /* FullPageVideoView.swift in Sources */,
				994E7DCF2C0551FE00BAD9E0 /* ProgramListWidget.swift in Sources */,
				991F8FEA2C17841300A134A5 /* BadgeManager.swift in Sources */,
				991F8FF22C18D0A100A134A5 /* LibraryView.swift in Sources */,
				99CFAAE62BEB075500EFF67E /* LevelUpFitnessApp.swift in Sources */,
				993871AA2C3A25D600FFAF8A /* SubLevelCircularWidget.swift in Sources */,
				99B627482C38561D00482E3B /* WorkoutManager.swift in Sources */,
				99EEC6152C320FC30044F906 /* FitnessOptionType.swift in Sources */,
				994E7DC72C03DE5400BAD9E0 /* PascalCaseCodingKey.swift in Sources */,
				994E7DB72C026A1D00BAD9E0 /* AuthStateObserver.swift in Sources */,
				998DA0172C1A34840078E882 /* ChatView.swift in Sources */,
				994E7DC52C03AC3E00BAD9E0 /* DatabaseManager.swift in Sources */,
				9945E0BA2C39A15F00EA19D2 /* XPManager.swift in Sources */,
				99DD3D522C1D0839006C07B3 /* ExerciseLibraryExerciseWidget.swift in Sources */,
				994E7DB52C0266A000BAD9E0 /* RegisterView.swift in Sources */,
				993871A62C3A1CBF00FFAF8A /* LevelWidget.swift in Sources */,
				998DA0152C1A18940078E882 /* ViewModifiers.swift in Sources */,
				994E7DB12C02643D00BAD9E0 /* LoginView.swift in Sources */,
				998ADA6A2C56FA28008C2795 /* ConfirmLeaveProgramWidget.swift in Sources */,
				99DD3D502C1CD99D006C07B3 /* ExerciseLibraryExerciseDownloaded.swift in Sources */,
				991F8FEE2C17852900A134A5 /* UserBadgeInfo.swift in Sources */,
				991F8FE02C15274000A134A5 /* StatisticsManager.swift in Sources */,
				999F706C2C0E71E000B35A78 /* WorkoutExitWarningView.swift in Sources */,
				99A67F092BF55EFE002DC3DC /* PageType.swift in Sources */,
				999F70762C0F6D9C00B35A78 /* Double.swift in Sources */,
				995B94BB2C596F0B007AECF0 /* TimeData.swift in Sources */,
				994E7DB92C026BE500BAD9E0 /* AuthCheckView.swift in Sources */,
			);
			runOnlyForDeploymentPostprocessing = 0;
		};
/* End PBXSourcesBuildPhase section */

/* Begin XCBuildConfiguration section */
		99CFAAEE2BEB075700EFF67E /* Debug */ = {
			isa = XCBuildConfiguration;
			buildSettings = {
				ALWAYS_SEARCH_USER_PATHS = NO;
				ASSETCATALOG_COMPILER_GENERATE_SWIFT_ASSET_SYMBOL_EXTENSIONS = YES;
				CLANG_ANALYZER_NONNULL = YES;
				CLANG_ANALYZER_NUMBER_OBJECT_CONVERSION = YES_AGGRESSIVE;
				CLANG_CXX_LANGUAGE_STANDARD = "gnu++20";
				CLANG_ENABLE_MODULES = YES;
				CLANG_ENABLE_OBJC_ARC = YES;
				CLANG_ENABLE_OBJC_WEAK = YES;
				CLANG_WARN_BLOCK_CAPTURE_AUTORELEASING = YES;
				CLANG_WARN_BOOL_CONVERSION = YES;
				CLANG_WARN_COMMA = YES;
				CLANG_WARN_CONSTANT_CONVERSION = YES;
				CLANG_WARN_DEPRECATED_OBJC_IMPLEMENTATIONS = YES;
				CLANG_WARN_DIRECT_OBJC_ISA_USAGE = YES_ERROR;
				CLANG_WARN_DOCUMENTATION_COMMENTS = YES;
				CLANG_WARN_EMPTY_BODY = YES;
				CLANG_WARN_ENUM_CONVERSION = YES;
				CLANG_WARN_INFINITE_RECURSION = YES;
				CLANG_WARN_INT_CONVERSION = YES;
				CLANG_WARN_NON_LITERAL_NULL_CONVERSION = YES;
				CLANG_WARN_OBJC_IMPLICIT_RETAIN_SELF = YES;
				CLANG_WARN_OBJC_LITERAL_CONVERSION = YES;
				CLANG_WARN_OBJC_ROOT_CLASS = YES_ERROR;
				CLANG_WARN_QUOTED_INCLUDE_IN_FRAMEWORK_HEADER = YES;
				CLANG_WARN_RANGE_LOOP_ANALYSIS = YES;
				CLANG_WARN_STRICT_PROTOTYPES = YES;
				CLANG_WARN_SUSPICIOUS_MOVE = YES;
				CLANG_WARN_UNGUARDED_AVAILABILITY = YES_AGGRESSIVE;
				CLANG_WARN_UNREACHABLE_CODE = YES;
				CLANG_WARN__DUPLICATE_METHOD_MATCH = YES;
				COPY_PHASE_STRIP = NO;
				DEBUG_INFORMATION_FORMAT = dwarf;
				ENABLE_STRICT_OBJC_MSGSEND = YES;
				ENABLE_TESTABILITY = YES;
				ENABLE_USER_SCRIPT_SANDBOXING = YES;
				GCC_C_LANGUAGE_STANDARD = gnu17;
				GCC_DYNAMIC_NO_PIC = NO;
				GCC_NO_COMMON_BLOCKS = YES;
				GCC_OPTIMIZATION_LEVEL = 0;
				GCC_PREPROCESSOR_DEFINITIONS = (
					"DEBUG=1",
					"$(inherited)",
				);
				GCC_WARN_64_TO_32_BIT_CONVERSION = YES;
				GCC_WARN_ABOUT_RETURN_TYPE = YES_ERROR;
				GCC_WARN_UNDECLARED_SELECTOR = YES;
				GCC_WARN_UNINITIALIZED_AUTOS = YES_AGGRESSIVE;
				GCC_WARN_UNUSED_FUNCTION = YES;
				GCC_WARN_UNUSED_VARIABLE = YES;
				IPHONEOS_DEPLOYMENT_TARGET = 17.2;
				LOCALIZATION_PREFERS_STRING_CATALOGS = YES;
				MTL_ENABLE_DEBUG_INFO = INCLUDE_SOURCE;
				MTL_FAST_MATH = YES;
				ONLY_ACTIVE_ARCH = YES;
				SDKROOT = iphoneos;
				SWIFT_ACTIVE_COMPILATION_CONDITIONS = "DEBUG $(inherited)";
				SWIFT_OPTIMIZATION_LEVEL = "-Onone";
			};
			name = Debug;
		};
		99CFAAEF2BEB075700EFF67E /* Release */ = {
			isa = XCBuildConfiguration;
			buildSettings = {
				ALWAYS_SEARCH_USER_PATHS = NO;
				ASSETCATALOG_COMPILER_GENERATE_SWIFT_ASSET_SYMBOL_EXTENSIONS = YES;
				CLANG_ANALYZER_NONNULL = YES;
				CLANG_ANALYZER_NUMBER_OBJECT_CONVERSION = YES_AGGRESSIVE;
				CLANG_CXX_LANGUAGE_STANDARD = "gnu++20";
				CLANG_ENABLE_MODULES = YES;
				CLANG_ENABLE_OBJC_ARC = YES;
				CLANG_ENABLE_OBJC_WEAK = YES;
				CLANG_WARN_BLOCK_CAPTURE_AUTORELEASING = YES;
				CLANG_WARN_BOOL_CONVERSION = YES;
				CLANG_WARN_COMMA = YES;
				CLANG_WARN_CONSTANT_CONVERSION = YES;
				CLANG_WARN_DEPRECATED_OBJC_IMPLEMENTATIONS = YES;
				CLANG_WARN_DIRECT_OBJC_ISA_USAGE = YES_ERROR;
				CLANG_WARN_DOCUMENTATION_COMMENTS = YES;
				CLANG_WARN_EMPTY_BODY = YES;
				CLANG_WARN_ENUM_CONVERSION = YES;
				CLANG_WARN_INFINITE_RECURSION = YES;
				CLANG_WARN_INT_CONVERSION = YES;
				CLANG_WARN_NON_LITERAL_NULL_CONVERSION = YES;
				CLANG_WARN_OBJC_IMPLICIT_RETAIN_SELF = YES;
				CLANG_WARN_OBJC_LITERAL_CONVERSION = YES;
				CLANG_WARN_OBJC_ROOT_CLASS = YES_ERROR;
				CLANG_WARN_QUOTED_INCLUDE_IN_FRAMEWORK_HEADER = YES;
				CLANG_WARN_RANGE_LOOP_ANALYSIS = YES;
				CLANG_WARN_STRICT_PROTOTYPES = YES;
				CLANG_WARN_SUSPICIOUS_MOVE = YES;
				CLANG_WARN_UNGUARDED_AVAILABILITY = YES_AGGRESSIVE;
				CLANG_WARN_UNREACHABLE_CODE = YES;
				CLANG_WARN__DUPLICATE_METHOD_MATCH = YES;
				COPY_PHASE_STRIP = NO;
				DEBUG_INFORMATION_FORMAT = "dwarf-with-dsym";
				ENABLE_NS_ASSERTIONS = NO;
				ENABLE_STRICT_OBJC_MSGSEND = YES;
				ENABLE_USER_SCRIPT_SANDBOXING = YES;
				GCC_C_LANGUAGE_STANDARD = gnu17;
				GCC_NO_COMMON_BLOCKS = YES;
				GCC_WARN_64_TO_32_BIT_CONVERSION = YES;
				GCC_WARN_ABOUT_RETURN_TYPE = YES_ERROR;
				GCC_WARN_UNDECLARED_SELECTOR = YES;
				GCC_WARN_UNINITIALIZED_AUTOS = YES_AGGRESSIVE;
				GCC_WARN_UNUSED_FUNCTION = YES;
				GCC_WARN_UNUSED_VARIABLE = YES;
				IPHONEOS_DEPLOYMENT_TARGET = 17.2;
				LOCALIZATION_PREFERS_STRING_CATALOGS = YES;
				MTL_ENABLE_DEBUG_INFO = NO;
				MTL_FAST_MATH = YES;
				SDKROOT = iphoneos;
				SWIFT_COMPILATION_MODE = wholemodule;
				VALIDATE_PRODUCT = YES;
			};
			name = Release;
		};
		99CFAAF12BEB075700EFF67E /* Debug */ = {
			isa = XCBuildConfiguration;
			buildSettings = {
				ASSETCATALOG_COMPILER_APPICON_NAME = AppIcon;
				ASSETCATALOG_COMPILER_GLOBAL_ACCENT_COLOR_NAME = AccentColor;
				CODE_SIGN_STYLE = Automatic;
				CURRENT_PROJECT_VERSION = 1;
				DEVELOPMENT_ASSET_PATHS = "\"LevelUpFitness/Preview Content\"";
				DEVELOPMENT_TEAM = NDZ2DG6484;
				ENABLE_PREVIEWS = YES;
				GENERATE_INFOPLIST_FILE = YES;
				INFOPLIST_FILE = LevelUpFitness/Info.plist;
				INFOPLIST_KEY_UIApplicationSceneManifest_Generation = YES;
				INFOPLIST_KEY_UIApplicationSupportsIndirectInputEvents = YES;
				INFOPLIST_KEY_UILaunchScreen_Generation = YES;
				INFOPLIST_KEY_UISupportedInterfaceOrientations_iPad = "UIInterfaceOrientationPortrait UIInterfaceOrientationPortraitUpsideDown UIInterfaceOrientationLandscapeLeft UIInterfaceOrientationLandscapeRight";
				INFOPLIST_KEY_UISupportedInterfaceOrientations_iPhone = "UIInterfaceOrientationPortrait UIInterfaceOrientationLandscapeLeft UIInterfaceOrientationLandscapeRight";
				IPHONEOS_DEPLOYMENT_TARGET = 17.0;
				LD_RUNPATH_SEARCH_PATHS = (
					"$(inherited)",
					"@executable_path/Frameworks",
				);
				MARKETING_VERSION = 1.0;
				PRODUCT_BUNDLE_IDENTIFIER = com.LevelUpFitnessApp;
				PRODUCT_NAME = "$(TARGET_NAME)";
				SWIFT_EMIT_LOC_STRINGS = YES;
				SWIFT_VERSION = 5.0;
				TARGETED_DEVICE_FAMILY = "1,2";
			};
			name = Debug;
		};
		99CFAAF22BEB075700EFF67E /* Release */ = {
			isa = XCBuildConfiguration;
			buildSettings = {
				ASSETCATALOG_COMPILER_APPICON_NAME = AppIcon;
				ASSETCATALOG_COMPILER_GLOBAL_ACCENT_COLOR_NAME = AccentColor;
				CODE_SIGN_STYLE = Automatic;
				CURRENT_PROJECT_VERSION = 1;
				DEVELOPMENT_ASSET_PATHS = "\"LevelUpFitness/Preview Content\"";
				DEVELOPMENT_TEAM = NDZ2DG6484;
				ENABLE_PREVIEWS = YES;
				GENERATE_INFOPLIST_FILE = YES;
				INFOPLIST_FILE = LevelUpFitness/Info.plist;
				INFOPLIST_KEY_UIApplicationSceneManifest_Generation = YES;
				INFOPLIST_KEY_UIApplicationSupportsIndirectInputEvents = YES;
				INFOPLIST_KEY_UILaunchScreen_Generation = YES;
				INFOPLIST_KEY_UISupportedInterfaceOrientations_iPad = "UIInterfaceOrientationPortrait UIInterfaceOrientationPortraitUpsideDown UIInterfaceOrientationLandscapeLeft UIInterfaceOrientationLandscapeRight";
				INFOPLIST_KEY_UISupportedInterfaceOrientations_iPhone = "UIInterfaceOrientationPortrait UIInterfaceOrientationLandscapeLeft UIInterfaceOrientationLandscapeRight";
				IPHONEOS_DEPLOYMENT_TARGET = 17.0;
				LD_RUNPATH_SEARCH_PATHS = (
					"$(inherited)",
					"@executable_path/Frameworks",
				);
				MARKETING_VERSION = 1.0;
				PRODUCT_BUNDLE_IDENTIFIER = com.LevelUpFitnessApp;
				PRODUCT_NAME = "$(TARGET_NAME)";
				SWIFT_EMIT_LOC_STRINGS = YES;
				SWIFT_VERSION = 5.0;
				TARGETED_DEVICE_FAMILY = "1,2";
			};
			name = Release;
		};
/* End XCBuildConfiguration section */

/* Begin XCConfigurationList section */
		99CFAADD2BEB075500EFF67E /* Build configuration list for PBXProject "LevelUpFitness" */ = {
			isa = XCConfigurationList;
			buildConfigurations = (
				99CFAAEE2BEB075700EFF67E /* Debug */,
				99CFAAEF2BEB075700EFF67E /* Release */,
			);
			defaultConfigurationIsVisible = 0;
			defaultConfigurationName = Release;
		};
		99CFAAF02BEB075700EFF67E /* Build configuration list for PBXNativeTarget "LevelUpFitness" */ = {
			isa = XCConfigurationList;
			buildConfigurations = (
				99CFAAF12BEB075700EFF67E /* Debug */,
				99CFAAF22BEB075700EFF67E /* Release */,
			);
			defaultConfigurationIsVisible = 0;
			defaultConfigurationName = Release;
		};
/* End XCConfigurationList section */

/* Begin XCRemoteSwiftPackageReference section */
		994BE7062C01483D00959EB5 /* XCRemoteSwiftPackageReference "amplify-swift" */ = {
			isa = XCRemoteSwiftPackageReference;
			repositoryURL = "https://github.com/aws-amplify/amplify-swift";
			requirement = {
				kind = upToNextMajorVersion;
				minimumVersion = 2.34.1;
			};
		};
/* End XCRemoteSwiftPackageReference section */

/* Begin XCSwiftPackageProductDependency section */
		994BE7072C01483D00959EB5 /* AWSAPIPlugin */ = {
			isa = XCSwiftPackageProductDependency;
			package = 994BE7062C01483D00959EB5 /* XCRemoteSwiftPackageReference "amplify-swift" */;
			productName = AWSAPIPlugin;
		};
		994BE7092C01483D00959EB5 /* AWSCloudWatchLoggingPlugin */ = {
			isa = XCSwiftPackageProductDependency;
			package = 994BE7062C01483D00959EB5 /* XCRemoteSwiftPackageReference "amplify-swift" */;
			productName = AWSCloudWatchLoggingPlugin;
		};
		994BE70B2C01483D00959EB5 /* AWSCognitoAuthPlugin */ = {
			isa = XCSwiftPackageProductDependency;
			package = 994BE7062C01483D00959EB5 /* XCRemoteSwiftPackageReference "amplify-swift" */;
			productName = AWSCognitoAuthPlugin;
		};
		994BE70D2C01483D00959EB5 /* AWSDataStorePlugin */ = {
			isa = XCSwiftPackageProductDependency;
			package = 994BE7062C01483D00959EB5 /* XCRemoteSwiftPackageReference "amplify-swift" */;
			productName = AWSDataStorePlugin;
		};
		994BE70F2C01483D00959EB5 /* AWSLocationGeoPlugin */ = {
			isa = XCSwiftPackageProductDependency;
			package = 994BE7062C01483D00959EB5 /* XCRemoteSwiftPackageReference "amplify-swift" */;
			productName = AWSLocationGeoPlugin;
		};
		994BE7112C01483D00959EB5 /* AWSPinpointAnalyticsPlugin */ = {
			isa = XCSwiftPackageProductDependency;
			package = 994BE7062C01483D00959EB5 /* XCRemoteSwiftPackageReference "amplify-swift" */;
			productName = AWSPinpointAnalyticsPlugin;
		};
		994BE7132C01483D00959EB5 /* AWSPinpointPushNotificationsPlugin */ = {
			isa = XCSwiftPackageProductDependency;
			package = 994BE7062C01483D00959EB5 /* XCRemoteSwiftPackageReference "amplify-swift" */;
			productName = AWSPinpointPushNotificationsPlugin;
		};
		994BE7152C01483D00959EB5 /* AWSPluginsCore */ = {
			isa = XCSwiftPackageProductDependency;
			package = 994BE7062C01483D00959EB5 /* XCRemoteSwiftPackageReference "amplify-swift" */;
			productName = AWSPluginsCore;
		};
		994BE7172C01483D00959EB5 /* AWSPredictionsPlugin */ = {
			isa = XCSwiftPackageProductDependency;
			package = 994BE7062C01483D00959EB5 /* XCRemoteSwiftPackageReference "amplify-swift" */;
			productName = AWSPredictionsPlugin;
		};
		994BE7192C01483D00959EB5 /* AWSS3StoragePlugin */ = {
			isa = XCSwiftPackageProductDependency;
			package = 994BE7062C01483D00959EB5 /* XCRemoteSwiftPackageReference "amplify-swift" */;
			productName = AWSS3StoragePlugin;
		};
		994BE71B2C01483D00959EB5 /* Amplify */ = {
			isa = XCSwiftPackageProductDependency;
			package = 994BE7062C01483D00959EB5 /* XCRemoteSwiftPackageReference "amplify-swift" */;
			productName = Amplify;
		};
		994BE71D2C01483D00959EB5 /* CoreMLPredictionsPlugin */ = {
			isa = XCSwiftPackageProductDependency;
			package = 994BE7062C01483D00959EB5 /* XCRemoteSwiftPackageReference "amplify-swift" */;
			productName = CoreMLPredictionsPlugin;
		};
/* End XCSwiftPackageProductDependency section */
	};
	rootObject = 99CFAADA2BEB075500EFF67E /* Project object */;
}
